// !$*UTF8*$!
{
	archiveVersion = 1;
	classes = {
	};
	objectVersion = 46;
	objects = {

/* Begin PBXBuildFile section */
		0075540D278E9B0D608B3F48 /* SegmentedDownloadTests.swift in Sources */ = {isa = PBXBuildFile; fileRef = B38D39A753BADF2F38C82A44 /* SegmentedDownloadTests.swift */; settings = {COMPILER_FLAGS = "-"; }; };
		054BE8333C441A537F34A4DF /* Logger.swift in Sources */ = {isa = PBXBuildFile; fileRef = A6CE12669AD369C32DB03D15 /* Logger.swift */; settings = {COMPILER_FLAGS = "-"; }; };
		0E6908A9C5568410F35659D1 /* THIRD_PARTY_LICENSES.txt in Resources */ = {isa = PBXBuildFile; fileRef = C882D99094E08F512812C59A /* THIRD_PARTY_LICENSES.txt */; };
		152AC5695F5FA41F89C7CF09 /* HotkeySettingsView.swift in Sources */ = {isa = PBXBuildFile; fileRef = 14ADF06388748B21C6D8ED36 /* HotkeySettingsView.swift */; settings = {COMPILER_FLAGS = "-"; }; };
		16147D4FD404032E1366DC49 /* LocalASRSession.swift in Sources */ = {isa = PBXBuildFile; fileRef = 70E5F04013413544EDD10116 /* LocalASRSession.swift */; settings = {COMPILER_FLAGS = "-"; }; };
		2050FBD27956CF5DD2ED154D /* RecognitionBuffer.swift in Sources */ = {isa = PBXBuildFile; fileRef = BA776BC0F0E5F0F68B9E7BE3 /* RecognitionBuffer.swift */; settings = {COMPILER_FLAGS = "-"; }; };
		212855B47C9CE5251A1D2D24 /* RecordingHUDController.swift in Sources */ = {isa = PBXBuildFile; fileRef = 08800EA3694BA011FA71E865 /* RecordingHUDController.swift */; settings = {COMPILER_FLAGS = "-"; }; };
		257B4FBCC844E696CCA81778 /* PermissionCenter.swift in Sources */ = {isa = PBXBuildFile; fileRef = 7599007AAFE90EB04C162392 /* PermissionCenter.swift */; settings = {COMPILER_FLAGS = "-"; }; };
		25A81FCE567F8506A7E5A7C8 /* MainMenuBuilder.swift in Sources */ = {isa = PBXBuildFile; fileRef = 63EDD40FFFFC64B9A507399A /* MainMenuBuilder.swift */; settings = {COMPILER_FLAGS = "-"; }; };
		2F71A78E450A8E5763BE97AE /* GeneralSettingsView.swift in Sources */ = {isa = PBXBuildFile; fileRef = D5B0F9DAC1027009CA0D0F31 /* GeneralSettingsView.swift */; settings = {COMPILER_FLAGS = "-"; }; };
		381336A3CBB4F8801C1A8005 /* fbank_parity_shapes.json in Resources */ = {isa = PBXBuildFile; fileRef = 770CF4E0B4DBDA6F4E0C4A29 /* fbank_parity_shapes.json */; };
		38E0042BA7BBC50C89AB31DE /* ModelDownloader.swift in Sources */ = {isa = PBXBuildFile; fileRef = 987579E1B79BEBEABAEE1482 /* ModelDownloader.swift */; settings = {COMPILER_FLAGS = "-"; }; };
		41BD70A86A76678014B3DC57 /* OnboardingViewModelTests.swift in Sources */ = {isa = PBXBuildFile; fileRef = CA4D9ACC0E1C50399942CD82 /* OnboardingViewModelTests.swift */; settings = {COMPILER_FLAGS = "-"; }; };
		41D5BAE74AFD23583C2405BC /* CTCDecoder.swift in Sources */ = {isa = PBXBuildFile; fileRef = 6ECDD64BA9D6B9881EF90107 /* CTCDecoder.swift */; settings = {COMPILER_FLAGS = "-"; }; };
		42B5F1346260954E3C8DBA4F /* speech_zh_en_mixed.wav in Resources */ = {isa = PBXBuildFile; fileRef = 7C2D71A89C66E2903AEA8B55 /* speech_zh_en_mixed.wav */; };
		44B1578AE70D8B07821B63EA /* VoiceTyperAppMain.swift in Sources */ = {isa = PBXBuildFile; fileRef = 651AB0304167538C551C7E7B /* VoiceTyperAppMain.swift */; settings = {COMPILER_FLAGS = "-"; }; };
		461B1E510939312C083B4B18 /* LocalASRSessionTests.swift in Sources */ = {isa = PBXBuildFile; fileRef = 2B2E51B4163DAAC22CA1BFD3 /* LocalASRSessionTests.swift */; settings = {COMPILER_FLAGS = "-"; }; };
		46FB0CE9E5DEF56E2AB82153 /* EndToEndRecognitionTests.swift in Sources */ = {isa = PBXBuildFile; fileRef = 328C414D3F9E30A75E7A6C82 /* EndToEndRecognitionTests.swift */; settings = {COMPILER_FLAGS = "-"; }; };
		49C054B1B08F3F0723F51CD9 /* TextInsertionService.swift in Sources */ = {isa = PBXBuildFile; fileRef = 5C2734F340E9D15F0BCBF627 /* TextInsertionService.swift */; settings = {COMPILER_FLAGS = "-"; }; };
		4B11F8E4FE6603DFB315CE3A /* Constants.swift in Sources */ = {isa = PBXBuildFile; fileRef = 4E1B5D74CF85DB25237ED241 /* Constants.swift */; settings = {COMPILER_FLAGS = "-"; }; };
		4CD98A82367E513DE6692771 /* FbankFrontend.swift in Sources */ = {isa = PBXBuildFile; fileRef = C005E0B59B37804B3D9FF37A /* FbankFrontend.swift */; settings = {COMPILER_FLAGS = "-"; }; };
		4D8AA1DBEC8B542327BE0695 /* PermissionsSettingsView.swift in Sources */ = {isa = PBXBuildFile; fileRef = 8F260AD84423B70CC7C36ED2 /* PermissionsSettingsView.swift */; settings = {COMPILER_FLAGS = "-"; }; };
		508A846374A654B227D5CD94 /* ASRServiceTests.swift in Sources */ = {isa = PBXBuildFile; fileRef = E70B97BBA840FD50D5420F79 /* ASRServiceTests.swift */; settings = {COMPILER_FLAGS = "-"; }; };
		54A6FE1030DDB7FAEB630DAD /* AppCoordinatorReadinessTests.swift in Sources */ = {isa = PBXBuildFile; fileRef = 4F441E5484269628A223A16D /* AppCoordinatorReadinessTests.swift */; settings = {COMPILER_FLAGS = "-"; }; };
		54B9CF50355AD683B03F614A /* AppIcon.icns in Resources */ = {isa = PBXBuildFile; fileRef = B588131CC945D6FD251F7574 /* AppIcon.icns */; };
		54CAC1681E1C11BCED3FF466 /* ConfigMigrator.swift in Sources */ = {isa = PBXBuildFile; fileRef = 6413122867DE23455F445C80 /* ConfigMigrator.swift */; settings = {COMPILER_FLAGS = "-"; }; };
		5B6D7E2310A9BCF56EE9AE12 /* ModelLocator.swift in Sources */ = {isa = PBXBuildFile; fileRef = 188F791A9740D157EFE1C110 /* ModelLocator.swift */; settings = {COMPILER_FLAGS = "-"; }; };
		5ECEE4378A2C71A7B8BB7BD8 /* lfrcmvn_reference.f32 in Resources */ = {isa = PBXBuildFile; fileRef = D67EA77E8DBA28095E6F9986 /* lfrcmvn_reference.f32 */; };
		63A47DFB01D0C585DE7E7217 /* LLMCorrectorTests.swift in Sources */ = {isa = PBXBuildFile; fileRef = AFF2B84863A6CF47924082D5 /* LLMCorrectorTests.swift */; settings = {COMPILER_FLAGS = "-"; }; };
		63E6F9CAABE5A744337D219C /* TextPostprocessorTests.swift in Sources */ = {isa = PBXBuildFile; fileRef = AC1D3CE9722633CAE32B0448 /* TextPostprocessorTests.swift */; settings = {COMPILER_FLAGS = "-"; }; };
		66389C531D7A1FC356031633 /* CodeSigningInfo.swift in Sources */ = {isa = PBXBuildFile; fileRef = 495BD3C64DAE3D4301163E06 /* CodeSigningInfo.swift */; settings = {COMPILER_FLAGS = "-"; }; };
		6985AA54675CF4E5D985FB03 /* correction.md in Resources */ = {isa = PBXBuildFile; fileRef = 372AD18D47515BE38ADA14F8 /* correction.md */; };
		6B2D66589EE3948A2DDB0FB6 /* WavLoader.swift in Sources */ = {isa = PBXBuildFile; fileRef = 5BA816376C95B2EFBDB56031 /* WavLoader.swift */; settings = {COMPILER_FLAGS = "-"; }; };
		6F8A0CC9ABCAA4576C28B5AE /* LaunchAtLogin.swift in Sources */ = {isa = PBXBuildFile; fileRef = 9581E48E3CCA6ED331C2327A /* LaunchAtLogin.swift */; settings = {COMPILER_FLAGS = "-"; }; };
		70C6DF9ED0536EAD488E949E /* ASRService.swift in Sources */ = {isa = PBXBuildFile; fileRef = B9E74170525BD87628D13CCA /* ASRService.swift */; settings = {COMPILER_FLAGS = "-"; }; };
		72297320B5B0DD81EB4D98C8 /* AppConfigTests.swift in Sources */ = {isa = PBXBuildFile; fileRef = 49E7FE276CCC08434CB23F91 /* AppConfigTests.swift */; settings = {COMPILER_FLAGS = "-"; }; };
		79AFC9115664EA666520E6C4 /* SettingsViewModel.swift in Sources */ = {isa = PBXBuildFile; fileRef = 0CC22022D7A8878CF0AEC354 /* SettingsViewModel.swift */; settings = {COMPILER_FLAGS = "-"; }; };
		79D4789E65820C487AAC840F /* VoiceTyperControllerTests.swift in Sources */ = {isa = PBXBuildFile; fileRef = 272ACD9C0FCD55644359912B /* VoiceTyperControllerTests.swift */; settings = {COMPILER_FLAGS = "-"; }; };
		7A3252113C381E8BC73587DB /* AppDelegate.swift in Sources */ = {isa = PBXBuildFile; fileRef = C96C59F2DA47C26D19F6A88C /* AppDelegate.swift */; settings = {COMPILER_FLAGS = "-"; }; };
		810B4494C65E8DB8B711D950 /* TextPostprocessor.swift in Sources */ = {isa = PBXBuildFile; fileRef = B3913AD363022F9297488277 /* TextPostprocessor.swift */; settings = {COMPILER_FLAGS = "-"; }; };
		85FE094621EC734E0BC4A6CE /* AudioInputDevice.swift in Sources */ = {isa = PBXBuildFile; fileRef = CA51F4CCAD11C0B92DF7409B /* AudioInputDevice.swift */; settings = {COMPILER_FLAGS = "-"; }; };
		863B7635962884F4FD9E1E2F /* LLMCorrector.swift in Sources */ = {isa = PBXBuildFile; fileRef = 5C5C7E233DAC1081456BAC38 /* LLMCorrector.swift */; settings = {COMPILER_FLAGS = "-"; }; };
		86B4C651357887B00AFB6B0B /* AppState.swift in Sources */ = {isa = PBXBuildFile; fileRef = BC288DF7579B8EB0AB51028E /* AppState.swift */; settings = {COMPILER_FLAGS = "-"; }; };
		8B96BCD94F4D4FA86C164205 /* Cocoa.framework in Frameworks */ = {isa = PBXBuildFile; fileRef = C0933B5652E71BB0BAA7E7C1 /* Cocoa.framework */; };
		8C59CF8CE2C50A31ADF29894 /* Cocoa.framework in Frameworks */ = {isa = PBXBuildFile; fileRef = C0933B5652E71BB0BAA7E7C1 /* Cocoa.framework */; };
		91C7641D388FAA070D033502 /* StatusBarController.swift in Sources */ = {isa = PBXBuildFile; fileRef = C78B7EDD4D94366C1E38D4B8 /* StatusBarController.swift */; settings = {COMPILER_FLAGS = "-"; }; };
		926AEE719D7CD330F91D2CE3 /* AudioCaptureService.swift in Sources */ = {isa = PBXBuildFile; fileRef = CB68A2706BF595F07412EDA7 /* AudioCaptureService.swift */; settings = {COMPILER_FLAGS = "-"; }; };
		93453A7F5CC257E66DBC897A /* PermissionRow.swift in Sources */ = {isa = PBXBuildFile; fileRef = 27032E7C8C9418295CF51F4E /* PermissionRow.swift */; settings = {COMPILER_FLAGS = "-"; }; };
		995FF06FE19354B047A857DF /* UpdateCheckerTests.swift in Sources */ = {isa = PBXBuildFile; fileRef = 411408517D4797F4EE0C1692 /* UpdateCheckerTests.swift */; settings = {COMPILER_FLAGS = "-"; }; };
		9A875168724B55D2E52D17AE /* UpdateChecker.swift in Sources */ = {isa = PBXBuildFile; fileRef = 5CAE0807FE5AF1CC56D57715 /* UpdateChecker.swift */; settings = {COMPILER_FLAGS = "-"; }; };
		9BE35EC4A33551B9F2BFAFBD /* SystemKeyboardSettings.swift in Sources */ = {isa = PBXBuildFile; fileRef = 419C9925D78C4FF96C9F6B86 /* SystemKeyboardSettings.swift */; settings = {COMPILER_FLAGS = "-"; }; };
		9C8819EDEAEEA1EAC8572BFD /* LFRCMVNTests.swift in Sources */ = {isa = PBXBuildFile; fileRef = 62FF26EB6F7F6635A0F50F6F /* LFRCMVNTests.swift */; settings = {COMPILER_FLAGS = "-"; }; };
		A1F87DD0CC61A2C702C58222 /* TextInsertionServiceTests.swift in Sources */ = {isa = PBXBuildFile; fileRef = 32ECA3D46D86A0967D8AB2EC /* TextInsertionServiceTests.swift */; settings = {COMPILER_FLAGS = "-"; }; };
		A37C2B45C5105BD636201293 /* RecognitionSettingsView.swift in Sources */ = {isa = PBXBuildFile; fileRef = DD50AAAB6D11BDE1537D8E86 /* RecognitionSettingsView.swift */; settings = {COMPILER_FLAGS = "-"; }; };
		AE66D233AD5EA31FBE832266 /* LLMEndpointTests.swift in Sources */ = {isa = PBXBuildFile; fileRef = D6FBD07D77CA278402806D70 /* LLMEndpointTests.swift */; settings = {COMPILER_FLAGS = "-"; }; };
		AF9F2DC52BE8A403D1627801 /* OnboardingView.swift in Sources */ = {isa = PBXBuildFile; fileRef = F25BAB84507642694C6B4C4D /* OnboardingView.swift */; settings = {COMPILER_FLAGS = "-"; }; };
		B2DFA6267FB697D9F20B6B2D /* SettingsViewModelHotkeyTests.swift in Sources */ = {isa = PBXBuildFile; fileRef = 0D397B6ED22614A54872C8E5 /* SettingsViewModelHotkeyTests.swift */; settings = {COMPILER_FLAGS = "-"; }; };
		B48BE04B41FE0E31D01278EB /* HotkeyService.swift in Sources */ = {isa = PBXBuildFile; fileRef = 7D1306276DD128AB9B893C2C /* HotkeyService.swift */; settings = {COMPILER_FLAGS = "-"; }; };
		B981AAF6B4EBA746E158143F /* HUDLayoutTests.swift in Sources */ = {isa = PBXBuildFile; fileRef = D692752799EED8120A721FDA /* HUDLayoutTests.swift */; settings = {COMPILER_FLAGS = "-"; }; };
		B984035DB10F83630E11E533 /* ConfigStore.swift in Sources */ = {isa = PBXBuildFile; fileRef = 8077EBC1E127FA9D2D90C579 /* ConfigStore.swift */; settings = {COMPILER_FLAGS = "-"; }; };
		BDFEAAA3056D16CBCF7920F8 /* fbank_reference.f32 in Resources */ = {isa = PBXBuildFile; fileRef = 92B1D95D8E79010ACB0CEA78 /* fbank_reference.f32 */; };
		BEF84AEB2E34631D4B2C040F /* VoiceTyperControllerDependencies.swift in Sources */ = {isa = PBXBuildFile; fileRef = E628757EF45F2E0FCD8652C8 /* VoiceTyperControllerDependencies.swift */; settings = {COMPILER_FLAGS = "-"; }; };
		C015E1ED27C13438E8ECBE35 /* AppCoordinator.swift in Sources */ = {isa = PBXBuildFile; fileRef = 3386AB3714BF46215D360955 /* AppCoordinator.swift */; settings = {COMPILER_FLAGS = "-"; }; };
		C0D3EDA4BFCCB95F335F06D0 /* fbank_input.f32 in Resources */ = {isa = PBXBuildFile; fileRef = 412A80C7A22683D34CEAF059 /* fbank_input.f32 */; };
		C2EFBD338CA7FE7D72AB9197 /* KeychainStore.swift in Sources */ = {isa = PBXBuildFile; fileRef = 544507433B980D91529FD599 /* KeychainStore.swift */; settings = {COMPILER_FLAGS = "-"; }; };
		C5B55FF40958ED8DE8F02A5A /* ModelDownloaderTests.swift in Sources */ = {isa = PBXBuildFile; fileRef = 0672D7D8231E2D092AEAC303 /* ModelDownloaderTests.swift */; settings = {COMPILER_FLAGS = "-"; }; };
		CB7D31702C099CCF70784C5F /* FbankParityTests.swift in Sources */ = {isa = PBXBuildFile; fileRef = 90C7D3E25D7A408180A40BEB /* FbankParityTests.swift */; settings = {COMPILER_FLAGS = "-"; }; };
		CEBDA2519168DE050AAA1E78 /* ConfigMigratorTests.swift in Sources */ = {isa = PBXBuildFile; fileRef = 43D19F0A0D80B407FA5EC0A4 /* ConfigMigratorTests.swift */; settings = {COMPILER_FLAGS = "-"; }; };
		CFB040C5994866294DF3E422 /* speech_zh_en_mixed.reference.txt in Resources */ = {isa = PBXBuildFile; fileRef = 7D5394A2D29DE0F88BBAA77B /* speech_zh_en_mixed.reference.txt */; };
		D51E26D4773A74887FE3F15C /* AppConfig.swift in Sources */ = {isa = PBXBuildFile; fileRef = D8FA6D126FA7868FEEA9A46C /* AppConfig.swift */; settings = {COMPILER_FLAGS = "-"; }; };
		DD8E4E3C767616C32A2EDDDB /* StatusMenuHeaderView.swift in Sources */ = {isa = PBXBuildFile; fileRef = 0C0EAB24437CF1CD4FDAF1C5 /* StatusMenuHeaderView.swift */; settings = {COMPILER_FLAGS = "-"; }; };
		DE24936BB43FB761E90FA29B /* VoiceTyperController.swift in Sources */ = {isa = PBXBuildFile; fileRef = C4FE55790320D05AEF6CCD86 /* VoiceTyperController.swift */; settings = {COMPILER_FLAGS = "-"; }; };
		E68D8E44E36D509CD8AE0FAF /* RecognitionBufferTests.swift in Sources */ = {isa = PBXBuildFile; fileRef = B5263B000AE1F56157CCF7E0 /* RecognitionBufferTests.swift */; settings = {COMPILER_FLAGS = "-"; }; };
		E79C6B42BB60DA57C535B2C5 /* HotkeyRecorderField.swift in Sources */ = {isa = PBXBuildFile; fileRef = 47FB2D89832FFB3ECE7A9212 /* HotkeyRecorderField.swift */; settings = {COMPILER_FLAGS = "-"; }; };
		E971D0803622E98062BD75BE /* OnboardingWindowController.swift in Sources */ = {isa = PBXBuildFile; fileRef = 00E5AEF06C96C370864513A4 /* OnboardingWindowController.swift */; settings = {COMPILER_FLAGS = "-"; }; };
		ED8FF0AA3D5351CBFB990CEF /* OnboardingViewModel.swift in Sources */ = {isa = PBXBuildFile; fileRef = DE24FD91F76EEFA89FF96B6A /* OnboardingViewModel.swift */; settings = {COMPILER_FLAGS = "-"; }; };
		ED97B180E19282ECD05C680F /* LFRCMVN.swift in Sources */ = {isa = PBXBuildFile; fileRef = 1D8801556473222670E1B327 /* LFRCMVN.swift */; settings = {COMPILER_FLAGS = "-"; }; };
		F1A78D3162F10700DB4B9D2B /* ConfigStoreTests.swift in Sources */ = {isa = PBXBuildFile; fileRef = 7A9C490AF3D913C13BAF1E28 /* ConfigStoreTests.swift */; settings = {COMPILER_FLAGS = "-"; }; };
		F635A9007E1161369446797B /* SenseVoiceEngine.swift in Sources */ = {isa = PBXBuildFile; fileRef = 0B6F4A4AA2FFB294ACEB7596 /* SenseVoiceEngine.swift */; settings = {COMPILER_FLAGS = "-"; }; };
		F7FB832749B727BA1BC74051 /* AudioChunkerTests.swift in Sources */ = {isa = PBXBuildFile; fileRef = EF112BB5B959CEAA84B105D3 /* AudioChunkerTests.swift */; settings = {COMPILER_FLAGS = "-"; }; };
		F89CA3937AC4C5E8DB8E0EF5 /* LLMEndpoint.swift in Sources */ = {isa = PBXBuildFile; fileRef = FD5DCDD505E056448102E24D /* LLMEndpoint.swift */; settings = {COMPILER_FLAGS = "-"; }; };
		FD23EF9371C9D1B5FE8D78E8 /* SetupWindowController.swift in Sources */ = {isa = PBXBuildFile; fileRef = 6C6E34C8070FBEA47BBB3271 /* SetupWindowController.swift */; settings = {COMPILER_FLAGS = "-"; }; };
/* End PBXBuildFile section */

/* Begin PBXContainerItemProxy section */
		67CCF2B8CEE5D2E429369147 /* PBXContainerItemProxy */ = {
			isa = PBXContainerItemProxy;
			containerPortal = 9A541F5E7554E23BFFC32CA9 /* Project object */;
			proxyType = 1;
			remoteGlobalIDString = 66AAACAC3221C984F0941C00;
			remoteInfo = VoiceTyper;
		};
/* End PBXContainerItemProxy section */

/* Begin PBXFileReference section */
		00E5AEF06C96C370864513A4 /* OnboardingWindowController.swift */ = {isa = PBXFileReference; includeInIndex = 1; lastKnownFileType = sourcecode.swift; name = OnboardingWindowController.swift; path = Sources/VoiceTyper/UI/Onboarding/OnboardingWindowController.swift; sourceTree = "<group>"; };
		0672D7D8231E2D092AEAC303 /* ModelDownloaderTests.swift */ = {isa = PBXFileReference; includeInIndex = 1; lastKnownFileType = sourcecode.swift; name = ModelDownloaderTests.swift; path = Tests/VoiceTyperTests/ModelDownloaderTests.swift; sourceTree = "<group>"; };
		08800EA3694BA011FA71E865 /* RecordingHUDController.swift */ = {isa = PBXFileReference; includeInIndex = 1; lastKnownFileType = sourcecode.swift; name = RecordingHUDController.swift; path = Sources/VoiceTyper/UI/RecordingHUDController.swift; sourceTree = "<group>"; };
		0B6F4A4AA2FFB294ACEB7596 /* SenseVoiceEngine.swift */ = {isa = PBXFileReference; includeInIndex = 1; lastKnownFileType = sourcecode.swift; name = SenseVoiceEngine.swift; path = Sources/VoiceTyper/ASR/SenseVoiceEngine.swift; sourceTree = "<group>"; };
		0C0EAB24437CF1CD4FDAF1C5 /* StatusMenuHeaderView.swift */ = {isa = PBXFileReference; includeInIndex = 1; lastKnownFileType = sourcecode.swift; name = StatusMenuHeaderView.swift; path = Sources/VoiceTyper/UI/StatusMenuHeaderView.swift; sourceTree = "<group>"; };
		0CC22022D7A8878CF0AEC354 /* SettingsViewModel.swift */ = {isa = PBXFileReference; includeInIndex = 1; lastKnownFileType = sourcecode.swift; name = SettingsViewModel.swift; path = Sources/VoiceTyper/UI/Settings/SettingsViewModel.swift; sourceTree = "<group>"; };
		0D397B6ED22614A54872C8E5 /* SettingsViewModelHotkeyTests.swift */ = {isa = PBXFileReference; includeInIndex = 1; lastKnownFileType = sourcecode.swift; name = SettingsViewModelHotkeyTests.swift; path = Tests/VoiceTyperTests/SettingsViewModelHotkeyTests.swift; sourceTree = "<group>"; };
		14ADF06388748B21C6D8ED36 /* HotkeySettingsView.swift */ = {isa = PBXFileReference; includeInIndex = 1; lastKnownFileType = sourcecode.swift; name = HotkeySettingsView.swift; path = Sources/VoiceTyper/UI/Settings/HotkeySettingsView.swift; sourceTree = "<group>"; };
		188F791A9740D157EFE1C110 /* ModelLocator.swift */ = {isa = PBXFileReference; includeInIndex = 1; lastKnownFileType = sourcecode.swift; name = ModelLocator.swift; path = Sources/VoiceTyper/ASR/ModelLocator.swift; sourceTree = "<group>"; };
		1D8801556473222670E1B327 /* LFRCMVN.swift */ = {isa = PBXFileReference; includeInIndex = 1; lastKnownFileType = sourcecode.swift; name = LFRCMVN.swift; path = Sources/VoiceTyper/ASR/LFRCMVN.swift; sourceTree = "<group>"; };
		27032E7C8C9418295CF51F4E /* PermissionRow.swift */ = {isa = PBXFileReference; includeInIndex = 1; lastKnownFileType = sourcecode.swift; name = PermissionRow.swift; path = Sources/VoiceTyper/UI/Settings/PermissionRow.swift; sourceTree = "<group>"; };
		272ACD9C0FCD55644359912B /* VoiceTyperControllerTests.swift */ = {isa = PBXFileReference; includeInIndex = 1; lastKnownFileType = sourcecode.swift; name = VoiceTyperControllerTests.swift; path = Tests/VoiceTyperTests/VoiceTyperControllerTests.swift; sourceTree = "<group>"; };
		2B2E51B4163DAAC22CA1BFD3 /* LocalASRSessionTests.swift */ = {isa = PBXFileReference; includeInIndex = 1; lastKnownFileType = sourcecode.swift; name = LocalASRSessionTests.swift; path = Tests/VoiceTyperTests/LocalASRSessionTests.swift; sourceTree = "<group>"; };
		328C414D3F9E30A75E7A6C82 /* EndToEndRecognitionTests.swift */ = {isa = PBXFileReference; includeInIndex = 1; lastKnownFileType = sourcecode.swift; name = EndToEndRecognitionTests.swift; path = Tests/VoiceTyperTests/EndToEndRecognitionTests.swift; sourceTree = "<group>"; };
		32ECA3D46D86A0967D8AB2EC /* TextInsertionServiceTests.swift */ = {isa = PBXFileReference; includeInIndex = 1; lastKnownFileType = sourcecode.swift; name = TextInsertionServiceTests.swift; path = Tests/VoiceTyperTests/TextInsertionServiceTests.swift; sourceTree = "<group>"; };
		3386AB3714BF46215D360955 /* AppCoordinator.swift */ = {isa = PBXFileReference; includeInIndex = 1; lastKnownFileType = sourcecode.swift; name = AppCoordinator.swift; path = Sources/VoiceTyper/App/AppCoordinator.swift; sourceTree = "<group>"; };
		372AD18D47515BE38ADA14F8 /* correction.md */ = {isa = PBXFileReference; includeInIndex = 1; name = correction.md; path = Resources/correction.md; sourceTree = "<group>"; };
		411408517D4797F4EE0C1692 /* UpdateCheckerTests.swift */ = {isa = PBXFileReference; includeInIndex = 1; lastKnownFileType = sourcecode.swift; name = UpdateCheckerTests.swift; path = Tests/VoiceTyperTests/UpdateCheckerTests.swift; sourceTree = "<group>"; };
		412A80C7A22683D34CEAF059 /* fbank_input.f32 */ = {isa = PBXFileReference; includeInIndex = 1; name = fbank_input.f32; path = Tests/VoiceTyperTests/Fixtures/fbank_input.f32; sourceTree = "<group>"; };
		419C9925D78C4FF96C9F6B86 /* SystemKeyboardSettings.swift */ = {isa = PBXFileReference; includeInIndex = 1; lastKnownFileType = sourcecode.swift; name = SystemKeyboardSettings.swift; path = Sources/VoiceTyper/Support/SystemKeyboardSettings.swift; sourceTree = "<group>"; };
		43D19F0A0D80B407FA5EC0A4 /* ConfigMigratorTests.swift */ = {isa = PBXFileReference; includeInIndex = 1; lastKnownFileType = sourcecode.swift; name = ConfigMigratorTests.swift; path = Tests/VoiceTyperTests/ConfigMigratorTests.swift; sourceTree = "<group>"; };
		47FB2D89832FFB3ECE7A9212 /* HotkeyRecorderField.swift */ = {isa = PBXFileReference; includeInIndex = 1; lastKnownFileType = sourcecode.swift; name = HotkeyRecorderField.swift; path = Sources/VoiceTyper/UI/Settings/HotkeyRecorderField.swift; sourceTree = "<group>"; };
		495BD3C64DAE3D4301163E06 /* CodeSigningInfo.swift */ = {isa = PBXFileReference; includeInIndex = 1; lastKnownFileType = sourcecode.swift; name = CodeSigningInfo.swift; path = Sources/VoiceTyper/Support/CodeSigningInfo.swift; sourceTree = "<group>"; };
		49E7FE276CCC08434CB23F91 /* AppConfigTests.swift */ = {isa = PBXFileReference; includeInIndex = 1; lastKnownFileType = sourcecode.swift; name = AppConfigTests.swift; path = Tests/VoiceTyperTests/AppConfigTests.swift; sourceTree = "<group>"; };
		4E1B5D74CF85DB25237ED241 /* Constants.swift */ = {isa = PBXFileReference; includeInIndex = 1; lastKnownFileType = sourcecode.swift; name = Constants.swift; path = Sources/VoiceTyper/Support/Constants.swift; sourceTree = "<group>"; };
		4F441E5484269628A223A16D /* AppCoordinatorReadinessTests.swift */ = {isa = PBXFileReference; includeInIndex = 1; lastKnownFileType = sourcecode.swift; name = AppCoordinatorReadinessTests.swift; path = Tests/VoiceTyperTests/AppCoordinatorReadinessTests.swift; sourceTree = "<group>"; };
		544507433B980D91529FD599 /* KeychainStore.swift */ = {isa = PBXFileReference; includeInIndex = 1; lastKnownFileType = sourcecode.swift; name = KeychainStore.swift; path = Sources/VoiceTyper/Core/KeychainStore.swift; sourceTree = "<group>"; };
		5BA816376C95B2EFBDB56031 /* WavLoader.swift */ = {isa = PBXFileReference; includeInIndex = 1; lastKnownFileType = sourcecode.swift; name = WavLoader.swift; path = Tests/VoiceTyperTests/WavLoader.swift; sourceTree = "<group>"; };
		5C2734F340E9D15F0BCBF627 /* TextInsertionService.swift */ = {isa = PBXFileReference; includeInIndex = 1; lastKnownFileType = sourcecode.swift; name = TextInsertionService.swift; path = Sources/VoiceTyper/Services/TextInsertionService.swift; sourceTree = "<group>"; };
		5C5C7E233DAC1081456BAC38 /* LLMCorrector.swift */ = {isa = PBXFileReference; includeInIndex = 1; lastKnownFileType = sourcecode.swift; name = LLMCorrector.swift; path = Sources/VoiceTyper/LLM/LLMCorrector.swift; sourceTree = "<group>"; };
		5CAE0807FE5AF1CC56D57715 /* UpdateChecker.swift */ = {isa = PBXFileReference; includeInIndex = 1; lastKnownFileType = sourcecode.swift; name = UpdateChecker.swift; path = Sources/VoiceTyper/Services/UpdateChecker.swift; sourceTree = "<group>"; };
		62FF26EB6F7F6635A0F50F6F /* LFRCMVNTests.swift */ = {isa = PBXFileReference; includeInIndex = 1; lastKnownFileType = sourcecode.swift; name = LFRCMVNTests.swift; path = Tests/VoiceTyperTests/LFRCMVNTests.swift; sourceTree = "<group>"; };
		63EDD40FFFFC64B9A507399A /* MainMenuBuilder.swift */ = {isa = PBXFileReference; includeInIndex = 1; lastKnownFileType = sourcecode.swift; name = MainMenuBuilder.swift; path = Sources/VoiceTyper/App/MainMenuBuilder.swift; sourceTree = "<group>"; };
		6413122867DE23455F445C80 /* ConfigMigrator.swift */ = {isa = PBXFileReference; includeInIndex = 1; lastKnownFileType = sourcecode.swift; name = ConfigMigrator.swift; path = Sources/VoiceTyper/Core/ConfigMigrator.swift; sourceTree = "<group>"; };
		651AB0304167538C551C7E7B /* VoiceTyperAppMain.swift */ = {isa = PBXFileReference; includeInIndex = 1; lastKnownFileType = sourcecode.swift; name = VoiceTyperAppMain.swift; path = Sources/VoiceTyper/App/VoiceTyperAppMain.swift; sourceTree = "<group>"; };
		6C6E34C8070FBEA47BBB3271 /* SetupWindowController.swift */ = {isa = PBXFileReference; includeInIndex = 1; lastKnownFileType = sourcecode.swift; name = SetupWindowController.swift; path = Sources/VoiceTyper/UI/SetupWindowController.swift; sourceTree = "<group>"; };
		6ECDD64BA9D6B9881EF90107 /* CTCDecoder.swift */ = {isa = PBXFileReference; includeInIndex = 1; lastKnownFileType = sourcecode.swift; name = CTCDecoder.swift; path = Sources/VoiceTyper/ASR/CTCDecoder.swift; sourceTree = "<group>"; };
		70E5F04013413544EDD10116 /* LocalASRSession.swift */ = {isa = PBXFileReference; includeInIndex = 1; lastKnownFileType = sourcecode.swift; name = LocalASRSession.swift; path = Sources/VoiceTyper/ASR/LocalASRSession.swift; sourceTree = "<group>"; };
		7599007AAFE90EB04C162392 /* PermissionCenter.swift */ = {isa = PBXFileReference; includeInIndex = 1; lastKnownFileType = sourcecode.swift; name = PermissionCenter.swift; path = Sources/VoiceTyper/Core/PermissionCenter.swift; sourceTree = "<group>"; };
		770CF4E0B4DBDA6F4E0C4A29 /* fbank_parity_shapes.json */ = {isa = PBXFileReference; includeInIndex = 1; name = fbank_parity_shapes.json; path = Tests/VoiceTyperTests/Fixtures/fbank_parity_shapes.json; sourceTree = "<group>"; };
		7A9C490AF3D913C13BAF1E28 /* ConfigStoreTests.swift */ = {isa = PBXFileReference; includeInIndex = 1; lastKnownFileType = sourcecode.swift; name = ConfigStoreTests.swift; path = Tests/VoiceTyperTests/ConfigStoreTests.swift; sourceTree = "<group>"; };
		7C2D71A89C66E2903AEA8B55 /* speech_zh_en_mixed.wav */ = {isa = PBXFileReference; includeInIndex = 1; name = speech_zh_en_mixed.wav; path = Tests/VoiceTyperTests/Fixtures/speech_zh_en_mixed.wav; sourceTree = "<group>"; };
		7D1306276DD128AB9B893C2C /* HotkeyService.swift */ = {isa = PBXFileReference; includeInIndex = 1; lastKnownFileType = sourcecode.swift; name = HotkeyService.swift; path = Sources/VoiceTyper/Services/HotkeyService.swift; sourceTree = "<group>"; };
		7D5394A2D29DE0F88BBAA77B /* speech_zh_en_mixed.reference.txt */ = {isa = PBXFileReference; includeInIndex = 1; name = speech_zh_en_mixed.reference.txt; path = Tests/VoiceTyperTests/Fixtures/speech_zh_en_mixed.reference.txt; sourceTree = "<group>"; };
		8077EBC1E127FA9D2D90C579 /* ConfigStore.swift */ = {isa = PBXFileReference; includeInIndex = 1; lastKnownFileType = sourcecode.swift; name = ConfigStore.swift; path = Sources/VoiceTyper/Core/ConfigStore.swift; sourceTree = "<group>"; };
		874C86EEA1B1AD9082B892FD /* VoiceTyper.entitlements */ = {isa = PBXFileReference; includeInIndex = 0; lastKnownFileType = text.plist.entitlements; name = VoiceTyper.entitlements; path = Resources/VoiceTyper.entitlements; sourceTree = "<group>"; };
		87EB995A07994D0A62234AD0 /* VoiceTyperTests.xctest */ = {isa = PBXFileReference; explicitFileType = wrapper.cfbundle; includeInIndex = 0; path = VoiceTyperTests.xctest; sourceTree = BUILT_PRODUCTS_DIR; };
		8F260AD84423B70CC7C36ED2 /* PermissionsSettingsView.swift */ = {isa = PBXFileReference; includeInIndex = 1; lastKnownFileType = sourcecode.swift; name = PermissionsSettingsView.swift; path = Sources/VoiceTyper/UI/Settings/PermissionsSettingsView.swift; sourceTree = "<group>"; };
		90C7D3E25D7A408180A40BEB /* FbankParityTests.swift */ = {isa = PBXFileReference; includeInIndex = 1; lastKnownFileType = sourcecode.swift; name = FbankParityTests.swift; path = Tests/VoiceTyperTests/FbankParityTests.swift; sourceTree = "<group>"; };
		92B1D95D8E79010ACB0CEA78 /* fbank_reference.f32 */ = {isa = PBXFileReference; includeInIndex = 1; name = fbank_reference.f32; path = Tests/VoiceTyperTests/Fixtures/fbank_reference.f32; sourceTree = "<group>"; };
		9581E48E3CCA6ED331C2327A /* LaunchAtLogin.swift */ = {isa = PBXFileReference; includeInIndex = 1; lastKnownFileType = sourcecode.swift; name = LaunchAtLogin.swift; path = Sources/VoiceTyper/Support/LaunchAtLogin.swift; sourceTree = "<group>"; };
		976F2B52F0C279A9E807D6DF /* Info.plist */ = {isa = PBXFileReference; includeInIndex = 0; lastKnownFileType = text.plist.xml; name = Info.plist; path = Resources/Info.plist; sourceTree = "<group>"; };
		987579E1B79BEBEABAEE1482 /* ModelDownloader.swift */ = {isa = PBXFileReference; includeInIndex = 1; lastKnownFileType = sourcecode.swift; name = ModelDownloader.swift; path = Sources/VoiceTyper/ASR/ModelDownloader.swift; sourceTree = "<group>"; };
		A6CE12669AD369C32DB03D15 /* Logger.swift */ = {isa = PBXFileReference; includeInIndex = 1; lastKnownFileType = sourcecode.swift; name = Logger.swift; path = Sources/VoiceTyper/Support/Logger.swift; sourceTree = "<group>"; };
		AC1D3CE9722633CAE32B0448 /* TextPostprocessorTests.swift */ = {isa = PBXFileReference; includeInIndex = 1; lastKnownFileType = sourcecode.swift; name = TextPostprocessorTests.swift; path = Tests/VoiceTyperTests/TextPostprocessorTests.swift; sourceTree = "<group>"; };
		AFF2B84863A6CF47924082D5 /* LLMCorrectorTests.swift */ = {isa = PBXFileReference; includeInIndex = 1; lastKnownFileType = sourcecode.swift; name = LLMCorrectorTests.swift; path = Tests/VoiceTyperTests/LLMCorrectorTests.swift; sourceTree = "<group>"; };
		B38D39A753BADF2F38C82A44 /* SegmentedDownloadTests.swift */ = {isa = PBXFileReference; includeInIndex = 1; lastKnownFileType = sourcecode.swift; name = SegmentedDownloadTests.swift; path = Tests/VoiceTyperTests/SegmentedDownloadTests.swift; sourceTree = "<group>"; };
		B3913AD363022F9297488277 /* TextPostprocessor.swift */ = {isa = PBXFileReference; includeInIndex = 1; lastKnownFileType = sourcecode.swift; name = TextPostprocessor.swift; path = Sources/VoiceTyper/ASR/TextPostprocessor.swift; sourceTree = "<group>"; };
		B5263B000AE1F56157CCF7E0 /* RecognitionBufferTests.swift */ = {isa = PBXFileReference; includeInIndex = 1; lastKnownFileType = sourcecode.swift; name = RecognitionBufferTests.swift; path = Tests/VoiceTyperTests/RecognitionBufferTests.swift; sourceTree = "<group>"; };
		B588131CC945D6FD251F7574 /* AppIcon.icns */ = {isa = PBXFileReference; includeInIndex = 1; name = AppIcon.icns; path = Resources/AppIcon.icns; sourceTree = "<group>"; };
		B9E74170525BD87628D13CCA /* ASRService.swift */ = {isa = PBXFileReference; includeInIndex = 1; lastKnownFileType = sourcecode.swift; name = ASRService.swift; path = Sources/VoiceTyper/ASR/ASRService.swift; sourceTree = "<group>"; };
		BA776BC0F0E5F0F68B9E7BE3 /* RecognitionBuffer.swift */ = {isa = PBXFileReference; includeInIndex = 1; lastKnownFileType = sourcecode.swift; name = RecognitionBuffer.swift; path = Sources/VoiceTyper/ASR/RecognitionBuffer.swift; sourceTree = "<group>"; };
		BC288DF7579B8EB0AB51028E /* AppState.swift */ = {isa = PBXFileReference; includeInIndex = 1; lastKnownFileType = sourcecode.swift; name = AppState.swift; path = Sources/VoiceTyper/Core/AppState.swift; sourceTree = "<group>"; };
		BDE1C271B53A7DC2670E6EB6 /* VoiceTyper.app */ = {isa = PBXFileReference; explicitFileType = wrapper.application; includeInIndex = 0; path = VoiceTyper.app; sourceTree = BUILT_PRODUCTS_DIR; };
		C005E0B59B37804B3D9FF37A /* FbankFrontend.swift */ = {isa = PBXFileReference; includeInIndex = 1; lastKnownFileType = sourcecode.swift; name = FbankFrontend.swift; path = Sources/VoiceTyper/ASR/FbankFrontend.swift; sourceTree = "<group>"; };
		C0933B5652E71BB0BAA7E7C1 /* Cocoa.framework */ = {isa = PBXFileReference; lastKnownFileType = wrapper.framework; name = Cocoa.framework; path = Platforms/MacOSX.platform/Developer/SDKs/MacOSX15.0.sdk/System/Library/Frameworks/Cocoa.framework; sourceTree = DEVELOPER_DIR; };
		C4FE55790320D05AEF6CCD86 /* VoiceTyperController.swift */ = {isa = PBXFileReference; includeInIndex = 1; lastKnownFileType = sourcecode.swift; name = VoiceTyperController.swift; path = Sources/VoiceTyper/Core/VoiceTyperController.swift; sourceTree = "<group>"; };
		C78B7EDD4D94366C1E38D4B8 /* StatusBarController.swift */ = {isa = PBXFileReference; includeInIndex = 1; lastKnownFileType = sourcecode.swift; name = StatusBarController.swift; path = Sources/VoiceTyper/UI/StatusBarController.swift; sourceTree = "<group>"; };
		C882D99094E08F512812C59A /* THIRD_PARTY_LICENSES.txt */ = {isa = PBXFileReference; includeInIndex = 1; name = THIRD_PARTY_LICENSES.txt; path = Resources/THIRD_PARTY_LICENSES.txt; sourceTree = "<group>"; };
		C96C59F2DA47C26D19F6A88C /* AppDelegate.swift */ = {isa = PBXFileReference; includeInIndex = 1; lastKnownFileType = sourcecode.swift; name = AppDelegate.swift; path = Sources/VoiceTyper/App/AppDelegate.swift; sourceTree = "<group>"; };
		CA4D9ACC0E1C50399942CD82 /* OnboardingViewModelTests.swift */ = {isa = PBXFileReference; includeInIndex = 1; lastKnownFileType = sourcecode.swift; name = OnboardingViewModelTests.swift; path = Tests/VoiceTyperTests/OnboardingViewModelTests.swift; sourceTree = "<group>"; };
		CA51F4CCAD11C0B92DF7409B /* AudioInputDevice.swift */ = {isa = PBXFileReference; includeInIndex = 1; lastKnownFileType = sourcecode.swift; name = AudioInputDevice.swift; path = Sources/VoiceTyper/Services/AudioInputDevice.swift; sourceTree = "<group>"; };
		CB68A2706BF595F07412EDA7 /* AudioCaptureService.swift */ = {isa = PBXFileReference; includeInIndex = 1; lastKnownFileType = sourcecode.swift; name = AudioCaptureService.swift; path = Sources/VoiceTyper/Services/AudioCaptureService.swift; sourceTree = "<group>"; };
		D5B0F9DAC1027009CA0D0F31 /* GeneralSettingsView.swift */ = {isa = PBXFileReference; includeInIndex = 1; lastKnownFileType = sourcecode.swift; name = GeneralSettingsView.swift; path = Sources/VoiceTyper/UI/Settings/GeneralSettingsView.swift; sourceTree = "<group>"; };
		D67EA77E8DBA28095E6F9986 /* lfrcmvn_reference.f32 */ = {isa = PBXFileReference; includeInIndex = 1; name = lfrcmvn_reference.f32; path = Tests/VoiceTyperTests/Fixtures/lfrcmvn_reference.f32; sourceTree = "<group>"; };
		D692752799EED8120A721FDA /* HUDLayoutTests.swift */ = {isa = PBXFileReference; includeInIndex = 1; lastKnownFileType = sourcecode.swift; name = HUDLayoutTests.swift; path = Tests/VoiceTyperTests/HUDLayoutTests.swift; sourceTree = "<group>"; };
		D6FBD07D77CA278402806D70 /* LLMEndpointTests.swift */ = {isa = PBXFileReference; includeInIndex = 1; lastKnownFileType = sourcecode.swift; name = LLMEndpointTests.swift; path = Tests/VoiceTyperTests/LLMEndpointTests.swift; sourceTree = "<group>"; };
		D8FA6D126FA7868FEEA9A46C /* AppConfig.swift */ = {isa = PBXFileReference; includeInIndex = 1; lastKnownFileType = sourcecode.swift; name = AppConfig.swift; path = Sources/VoiceTyper/Core/AppConfig.swift; sourceTree = "<group>"; };
		DD50AAAB6D11BDE1537D8E86 /* RecognitionSettingsView.swift */ = {isa = PBXFileReference; includeInIndex = 1; lastKnownFileType = sourcecode.swift; name = RecognitionSettingsView.swift; path = Sources/VoiceTyper/UI/Settings/RecognitionSettingsView.swift; sourceTree = "<group>"; };
		DE24FD91F76EEFA89FF96B6A /* OnboardingViewModel.swift */ = {isa = PBXFileReference; includeInIndex = 1; lastKnownFileType = sourcecode.swift; name = OnboardingViewModel.swift; path = Sources/VoiceTyper/UI/Onboarding/OnboardingViewModel.swift; sourceTree = "<group>"; };
		E628757EF45F2E0FCD8652C8 /* VoiceTyperControllerDependencies.swift */ = {isa = PBXFileReference; includeInIndex = 1; lastKnownFileType = sourcecode.swift; name = VoiceTyperControllerDependencies.swift; path = Sources/VoiceTyper/Core/VoiceTyperControllerDependencies.swift; sourceTree = "<group>"; };
		E70B97BBA840FD50D5420F79 /* ASRServiceTests.swift */ = {isa = PBXFileReference; includeInIndex = 1; lastKnownFileType = sourcecode.swift; name = ASRServiceTests.swift; path = Tests/VoiceTyperTests/ASRServiceTests.swift; sourceTree = "<group>"; };
		EF112BB5B959CEAA84B105D3 /* AudioChunkerTests.swift */ = {isa = PBXFileReference; includeInIndex = 1; lastKnownFileType = sourcecode.swift; name = AudioChunkerTests.swift; path = Tests/VoiceTyperTests/AudioChunkerTests.swift; sourceTree = "<group>"; };
		F25BAB84507642694C6B4C4D /* OnboardingView.swift */ = {isa = PBXFileReference; includeInIndex = 1; lastKnownFileType = sourcecode.swift; name = OnboardingView.swift; path = Sources/VoiceTyper/UI/Onboarding/OnboardingView.swift; sourceTree = "<group>"; };
		FD5DCDD505E056448102E24D /* LLMEndpoint.swift */ = {isa = PBXFileReference; includeInIndex = 1; lastKnownFileType = sourcecode.swift; name = LLMEndpoint.swift; path = Sources/VoiceTyper/LLM/LLMEndpoint.swift; sourceTree = "<group>"; };
/* End PBXFileReference section */

/* Begin PBXFrameworksBuildPhase section */
		047917B9A8F14B5036F9B9C2 /* Frameworks */ = {
			isa = PBXFrameworksBuildPhase;
			buildActionMask = 2147483647;
			files = (
				8B96BCD94F4D4FA86C164205 /* Cocoa.framework in Frameworks */,
			);
			runOnlyForDeploymentPostprocessing = 0;
		};
		514D0AD18EA19E6A5FD2767E /* Frameworks */ = {
			isa = PBXFrameworksBuildPhase;
			buildActionMask = 2147483647;
			files = (
				8C59CF8CE2C50A31ADF29894 /* Cocoa.framework in Frameworks */,
			);
			runOnlyForDeploymentPostprocessing = 0;
		};
/* End PBXFrameworksBuildPhase section */

/* Begin PBXGroup section */
		08C2E7F4229DB1F19EE5D139 /* Onboarding */ = {
			isa = PBXGroup;
			children = (
				F25BAB84507642694C6B4C4D /* OnboardingView.swift */,
				DE24FD91F76EEFA89FF96B6A /* OnboardingViewModel.swift */,
				00E5AEF06C96C370864513A4 /* OnboardingWindowController.swift */,
			);
			name = Onboarding;
			sourceTree = "<group>";
		};
		1D81C6B353E343A8645A0521 /* Fixtures */ = {
			isa = PBXGroup;
			children = (
				412A80C7A22683D34CEAF059 /* fbank_input.f32 */,
				770CF4E0B4DBDA6F4E0C4A29 /* fbank_parity_shapes.json */,
				92B1D95D8E79010ACB0CEA78 /* fbank_reference.f32 */,
				D67EA77E8DBA28095E6F9986 /* lfrcmvn_reference.f32 */,
				7D5394A2D29DE0F88BBAA77B /* speech_zh_en_mixed.reference.txt */,
				7C2D71A89C66E2903AEA8B55 /* speech_zh_en_mixed.wav */,
			);
			name = Fixtures;
			sourceTree = "<group>";
		};
		3C18309CD2F77EFD011905B0 /* Products */ = {
			isa = PBXGroup;
			children = (
				BDE1C271B53A7DC2670E6EB6 /* VoiceTyper.app */,
				87EB995A07994D0A62234AD0 /* VoiceTyperTests.xctest */,
			);
			name = Products;
			sourceTree = "<group>";
		};
		4A385E0235E7BFCCB4A61ACD = {
			isa = PBXGroup;
			children = (
				3C18309CD2F77EFD011905B0 /* Products */,
				4C25A070932A215FBF2418D5 /* Frameworks */,
				8F45AE462898D6074146EBA2 /* Sources */,
				F22C21A48A872F400268CAAD /* Resources */,
				78FDE1A78F9898FD48DFCDB3 /* Tests */,
			);
			sourceTree = "<group>";
		};
		4C25A070932A215FBF2418D5 /* Frameworks */ = {
			isa = PBXGroup;
			children = (
				E065CD51429BC823F331EDE7 /* OS X */,
			);
			name = Frameworks;
			sourceTree = "<group>";
		};
		5044B717A02A8C1960919AAA /* VoiceTyperTests */ = {
			isa = PBXGroup;
			children = (
				1D81C6B353E343A8645A0521 /* Fixtures */,
				E70B97BBA840FD50D5420F79 /* ASRServiceTests.swift */,
				49E7FE276CCC08434CB23F91 /* AppConfigTests.swift */,
				4F441E5484269628A223A16D /* AppCoordinatorReadinessTests.swift */,
				EF112BB5B959CEAA84B105D3 /* AudioChunkerTests.swift */,
				43D19F0A0D80B407FA5EC0A4 /* ConfigMigratorTests.swift */,
				7A9C490AF3D913C13BAF1E28 /* ConfigStoreTests.swift */,
				328C414D3F9E30A75E7A6C82 /* EndToEndRecognitionTests.swift */,
				90C7D3E25D7A408180A40BEB /* FbankParityTests.swift */,
				D692752799EED8120A721FDA /* HUDLayoutTests.swift */,
				62FF26EB6F7F6635A0F50F6F /* LFRCMVNTests.swift */,
				AFF2B84863A6CF47924082D5 /* LLMCorrectorTests.swift */,
				D6FBD07D77CA278402806D70 /* LLMEndpointTests.swift */,
				2B2E51B4163DAAC22CA1BFD3 /* LocalASRSessionTests.swift */,
				0672D7D8231E2D092AEAC303 /* ModelDownloaderTests.swift */,
				CA4D9ACC0E1C50399942CD82 /* OnboardingViewModelTests.swift */,
				B5263B000AE1F56157CCF7E0 /* RecognitionBufferTests.swift */,
				B38D39A753BADF2F38C82A44 /* SegmentedDownloadTests.swift */,
				0D397B6ED22614A54872C8E5 /* SettingsViewModelHotkeyTests.swift */,
				32ECA3D46D86A0967D8AB2EC /* TextInsertionServiceTests.swift */,
				AC1D3CE9722633CAE32B0448 /* TextPostprocessorTests.swift */,
				411408517D4797F4EE0C1692 /* UpdateCheckerTests.swift */,
				272ACD9C0FCD55644359912B /* VoiceTyperControllerTests.swift */,
				5BA816376C95B2EFBDB56031 /* WavLoader.swift */,
			);
			name = VoiceTyperTests;
			sourceTree = "<group>";
		};
		53871E166A6F39F1815E47C3 /* Core */ = {
			isa = PBXGroup;
			children = (
				D8FA6D126FA7868FEEA9A46C /* AppConfig.swift */,
				BC288DF7579B8EB0AB51028E /* AppState.swift */,
				6413122867DE23455F445C80 /* ConfigMigrator.swift */,
				8077EBC1E127FA9D2D90C579 /* ConfigStore.swift */,
				544507433B980D91529FD599 /* KeychainStore.swift */,
				7599007AAFE90EB04C162392 /* PermissionCenter.swift */,
				C4FE55790320D05AEF6CCD86 /* VoiceTyperController.swift */,
				E628757EF45F2E0FCD8652C8 /* VoiceTyperControllerDependencies.swift */,
			);
			name = Core;
			sourceTree = "<group>";
		};
		69A8BD62BC8F252D12705162 /* Services */ = {
			isa = PBXGroup;
			children = (
				CB68A2706BF595F07412EDA7 /* AudioCaptureService.swift */,
				CA51F4CCAD11C0B92DF7409B /* AudioInputDevice.swift */,
				7D1306276DD128AB9B893C2C /* HotkeyService.swift */,
				5C2734F340E9D15F0BCBF627 /* TextInsertionService.swift */,
				5CAE0807FE5AF1CC56D57715 /* UpdateChecker.swift */,
			);
			name = Services;
			sourceTree = "<group>";
		};
		6C077DFB4FD444EEF429B9D1 /* LLM */ = {
			isa = PBXGroup;
			children = (
				5C5C7E233DAC1081456BAC38 /* LLMCorrector.swift */,
				FD5DCDD505E056448102E24D /* LLMEndpoint.swift */,
			);
			name = LLM;
			sourceTree = "<group>";
		};
		78FDE1A78F9898FD48DFCDB3 /* Tests */ = {
			isa = PBXGroup;
			children = (
				5044B717A02A8C1960919AAA /* VoiceTyperTests */,
			);
			name = Tests;
			sourceTree = "<group>";
		};
		7C862D3619D793A96CA8C1E4 /* UI */ = {
			isa = PBXGroup;
			children = (
				08C2E7F4229DB1F19EE5D139 /* Onboarding */,
				08800EA3694BA011FA71E865 /* RecordingHUDController.swift */,
				BC9476E4AACA3625E47ED591 /* Settings */,
				6C6E34C8070FBEA47BBB3271 /* SetupWindowController.swift */,
				C78B7EDD4D94366C1E38D4B8 /* StatusBarController.swift */,
				0C0EAB24437CF1CD4FDAF1C5 /* StatusMenuHeaderView.swift */,
			);
			name = UI;
			sourceTree = "<group>";
		};
		8F45AE462898D6074146EBA2 /* Sources */ = {
			isa = PBXGroup;
			children = (
				AAC10D29AB2BABE0A35EF1C3 /* VoiceTyper */,
			);
			name = Sources;
			sourceTree = "<group>";
		};
		AAC10D29AB2BABE0A35EF1C3 /* VoiceTyper */ = {
			isa = PBXGroup;
			children = (
				B476F4FEA23D9786141AFA8C /* ASR */,
				AD355BAF16A78FBA428ACABE /* App */,
				53871E166A6F39F1815E47C3 /* Core */,
				6C077DFB4FD444EEF429B9D1 /* LLM */,
				69A8BD62BC8F252D12705162 /* Services */,
				E156780C7ADD73B3785271D9 /* Support */,
				7C862D3619D793A96CA8C1E4 /* UI */,
			);
			name = VoiceTyper;
			sourceTree = "<group>";
		};
		AD355BAF16A78FBA428ACABE /* App */ = {
			isa = PBXGroup;
			children = (
				3386AB3714BF46215D360955 /* AppCoordinator.swift */,
				C96C59F2DA47C26D19F6A88C /* AppDelegate.swift */,
				63EDD40FFFFC64B9A507399A /* MainMenuBuilder.swift */,
				651AB0304167538C551C7E7B /* VoiceTyperAppMain.swift */,
			);
			name = App;
			sourceTree = "<group>";
		};
		B476F4FEA23D9786141AFA8C /* ASR */ = {
			isa = PBXGroup;
			children = (
				B9E74170525BD87628D13CCA /* ASRService.swift */,
				6ECDD64BA9D6B9881EF90107 /* CTCDecoder.swift */,
				C005E0B59B37804B3D9FF37A /* FbankFrontend.swift */,
				1D8801556473222670E1B327 /* LFRCMVN.swift */,
				70E5F04013413544EDD10116 /* LocalASRSession.swift */,
				987579E1B79BEBEABAEE1482 /* ModelDownloader.swift */,
				188F791A9740D157EFE1C110 /* ModelLocator.swift */,
				BA776BC0F0E5F0F68B9E7BE3 /* RecognitionBuffer.swift */,
				0B6F4A4AA2FFB294ACEB7596 /* SenseVoiceEngine.swift */,
				B3913AD363022F9297488277 /* TextPostprocessor.swift */,
			);
			name = ASR;
			sourceTree = "<group>";
		};
		BC9476E4AACA3625E47ED591 /* Settings */ = {
			isa = PBXGroup;
			children = (
				D5B0F9DAC1027009CA0D0F31 /* GeneralSettingsView.swift */,
				47FB2D89832FFB3ECE7A9212 /* HotkeyRecorderField.swift */,
				14ADF06388748B21C6D8ED36 /* HotkeySettingsView.swift */,
				27032E7C8C9418295CF51F4E /* PermissionRow.swift */,
				8F260AD84423B70CC7C36ED2 /* PermissionsSettingsView.swift */,
				DD50AAAB6D11BDE1537D8E86 /* RecognitionSettingsView.swift */,
				0CC22022D7A8878CF0AEC354 /* SettingsViewModel.swift */,
			);
			name = Settings;
			sourceTree = "<group>";
		};
		E065CD51429BC823F331EDE7 /* OS X */ = {
			isa = PBXGroup;
			children = (
				C0933B5652E71BB0BAA7E7C1 /* Cocoa.framework */,
			);
			name = "OS X";
			sourceTree = "<group>";
		};
		E156780C7ADD73B3785271D9 /* Support */ = {
			isa = PBXGroup;
			children = (
				495BD3C64DAE3D4301163E06 /* CodeSigningInfo.swift */,
				4E1B5D74CF85DB25237ED241 /* Constants.swift */,
				9581E48E3CCA6ED331C2327A /* LaunchAtLogin.swift */,
				A6CE12669AD369C32DB03D15 /* Logger.swift */,
				419C9925D78C4FF96C9F6B86 /* SystemKeyboardSettings.swift */,
			);
			name = Support;
			sourceTree = "<group>";
		};
		F22C21A48A872F400268CAAD /* Resources */ = {
			isa = PBXGroup;
			children = (
				976F2B52F0C279A9E807D6DF /* Info.plist */,
				874C86EEA1B1AD9082B892FD /* VoiceTyper.entitlements */,
				B588131CC945D6FD251F7574 /* AppIcon.icns */,
				C882D99094E08F512812C59A /* THIRD_PARTY_LICENSES.txt */,
				372AD18D47515BE38ADA14F8 /* correction.md */,
			);
			name = Resources;
			sourceTree = "<group>";
		};
/* End PBXGroup section */

/* Begin PBXNativeTarget section */
		66AAACAC3221C984F0941C00 /* VoiceTyper */ = {
			isa = PBXNativeTarget;
			buildConfigurationList = C57C102A6D7A95F3B7A74F07 /* Build configuration list for PBXNativeTarget "VoiceTyper" */;
			buildPhases = (
				573911D222B0A4F7E366FF1A /* Sources */,
				514D0AD18EA19E6A5FD2767E /* Frameworks */,
				0D7DE9D20F064335B5BD8B0A /* Resources */,
			);
			buildRules = (
			);
			dependencies = (
			);
			name = VoiceTyper;
			packageProductDependencies = (
				B24CB8F92C3C77605D39AD37 /* Yams */,
				9141A7AB16D82FC8EE8B43C8 /* onnxruntime */,
			);
			productName = VoiceTyper;
			productReference = BDE1C271B53A7DC2670E6EB6 /* VoiceTyper.app */;
			productType = "com.apple.product-type.application";
		};
		CA2A9A6225E27D40DB41CBF2 /* VoiceTyperTests */ = {
			isa = PBXNativeTarget;
			buildConfigurationList = B41C89F608DB4CCCA199D56B /* Build configuration list for PBXNativeTarget "VoiceTyperTests" */;
			buildPhases = (
				CE0D0D509377DE66960E7351 /* Sources */,
				047917B9A8F14B5036F9B9C2 /* Frameworks */,
				54E50E2C80A80B3D960F71CB /* Resources */,
			);
			buildRules = (
			);
			dependencies = (
				B18A725663A917D186D225B6 /* PBXTargetDependency */,
			);
			name = VoiceTyperTests;
			productName = VoiceTyperTests;
			productReference = 87EB995A07994D0A62234AD0 /* VoiceTyperTests.xctest */;
			productType = "com.apple.product-type.bundle.unit-test";
		};
/* End PBXNativeTarget section */

/* Begin PBXProject section */
		9A541F5E7554E23BFFC32CA9 /* Project object */ = {
			isa = PBXProject;
			attributes = {
				LastSwiftUpdateCheck = 2600;
				LastUpgradeCheck = 2600;
			};
			buildConfigurationList = 230968CBF8ADCDE29253ACA6 /* Build configuration list for PBXProject "VoiceTyper" */;
			compatibilityVersion = "Xcode 3.2";
			developmentRegion = en;
			hasScannedForEncodings = 0;
			knownRegions = (
				en,
				Base,
			);
			mainGroup = 4A385E0235E7BFCCB4A61ACD;
			minimizedProjectReferenceProxies = 0;
			packageReferences = (
				B57451B0B2167A052A77EBA9 /* XCRemoteSwiftPackageReference "Yams" */,
				12F2B589BA4858E329A0D3C7 /* XCRemoteSwiftPackageReference "onnxruntime-swift-package-manager" */,
			);
			preferredProjectObjectVersion = 77;
			productRefGroup = 3C18309CD2F77EFD011905B0 /* Products */;
			projectDirPath = "";
			projectRoot = "";
			targets = (
				66AAACAC3221C984F0941C00 /* VoiceTyper */,
				CA2A9A6225E27D40DB41CBF2 /* VoiceTyperTests */,
			);
		};
/* End PBXProject section */

/* Begin PBXResourcesBuildPhase section */
		0D7DE9D20F064335B5BD8B0A /* Resources */ = {
			isa = PBXResourcesBuildPhase;
			buildActionMask = 2147483647;
			files = (
				54B9CF50355AD683B03F614A /* AppIcon.icns in Resources */,
				0E6908A9C5568410F35659D1 /* THIRD_PARTY_LICENSES.txt in Resources */,
				6985AA54675CF4E5D985FB03 /* correction.md in Resources */,
			);
			runOnlyForDeploymentPostprocessing = 0;
		};
		54E50E2C80A80B3D960F71CB /* Resources */ = {
			isa = PBXResourcesBuildPhase;
			buildActionMask = 2147483647;
			files = (
				C0D3EDA4BFCCB95F335F06D0 /* fbank_input.f32 in Resources */,
				381336A3CBB4F8801C1A8005 /* fbank_parity_shapes.json in Resources */,
				BDFEAAA3056D16CBCF7920F8 /* fbank_reference.f32 in Resources */,
				5ECEE4378A2C71A7B8BB7BD8 /* lfrcmvn_reference.f32 in Resources */,
				CFB040C5994866294DF3E422 /* speech_zh_en_mixed.reference.txt in Resources */,
				42B5F1346260954E3C8DBA4F /* speech_zh_en_mixed.wav in Resources */,
			);
			runOnlyForDeploymentPostprocessing = 0;
		};
/* End PBXResourcesBuildPhase section */

/* Begin PBXSourcesBuildPhase section */
		573911D222B0A4F7E366FF1A /* Sources */ = {
			isa = PBXSourcesBuildPhase;
			buildActionMask = 2147483647;
			files = (
				70C6DF9ED0536EAD488E949E /* ASRService.swift in Sources */,
				41D5BAE74AFD23583C2405BC /* CTCDecoder.swift in Sources */,
				4CD98A82367E513DE6692771 /* FbankFrontend.swift in Sources */,
				ED97B180E19282ECD05C680F /* LFRCMVN.swift in Sources */,
				16147D4FD404032E1366DC49 /* LocalASRSession.swift in Sources */,
				38E0042BA7BBC50C89AB31DE /* ModelDownloader.swift in Sources */,
				5B6D7E2310A9BCF56EE9AE12 /* ModelLocator.swift in Sources */,
				2050FBD27956CF5DD2ED154D /* RecognitionBuffer.swift in Sources */,
				F635A9007E1161369446797B /* SenseVoiceEngine.swift in Sources */,
				810B4494C65E8DB8B711D950 /* TextPostprocessor.swift in Sources */,
				C015E1ED27C13438E8ECBE35 /* AppCoordinator.swift in Sources */,
				7A3252113C381E8BC73587DB /* AppDelegate.swift in Sources */,
				25A81FCE567F8506A7E5A7C8 /* MainMenuBuilder.swift in Sources */,
				44B1578AE70D8B07821B63EA /* VoiceTyperAppMain.swift in Sources */,
				D51E26D4773A74887FE3F15C /* AppConfig.swift in Sources */,
				86B4C651357887B00AFB6B0B /* AppState.swift in Sources */,
				54CAC1681E1C11BCED3FF466 /* ConfigMigrator.swift in Sources */,
				B984035DB10F83630E11E533 /* ConfigStore.swift in Sources */,
				C2EFBD338CA7FE7D72AB9197 /* KeychainStore.swift in Sources */,
				257B4FBCC844E696CCA81778 /* PermissionCenter.swift in Sources */,
				DE24936BB43FB761E90FA29B /* VoiceTyperController.swift in Sources */,
				BEF84AEB2E34631D4B2C040F /* VoiceTyperControllerDependencies.swift in Sources */,
				863B7635962884F4FD9E1E2F /* LLMCorrector.swift in Sources */,
				F89CA3937AC4C5E8DB8E0EF5 /* LLMEndpoint.swift in Sources */,
				926AEE719D7CD330F91D2CE3 /* AudioCaptureService.swift in Sources */,
				85FE094621EC734E0BC4A6CE /* AudioInputDevice.swift in Sources */,
				B48BE04B41FE0E31D01278EB /* HotkeyService.swift in Sources */,
				49C054B1B08F3F0723F51CD9 /* TextInsertionService.swift in Sources */,
				9A875168724B55D2E52D17AE /* UpdateChecker.swift in Sources */,
				66389C531D7A1FC356031633 /* CodeSigningInfo.swift in Sources */,
				4B11F8E4FE6603DFB315CE3A /* Constants.swift in Sources */,
				6F8A0CC9ABCAA4576C28B5AE /* LaunchAtLogin.swift in Sources */,
				054BE8333C441A537F34A4DF /* Logger.swift in Sources */,
				9BE35EC4A33551B9F2BFAFBD /* SystemKeyboardSettings.swift in Sources */,
				AF9F2DC52BE8A403D1627801 /* OnboardingView.swift in Sources */,
				ED8FF0AA3D5351CBFB990CEF /* OnboardingViewModel.swift in Sources */,
				E971D0803622E98062BD75BE /* OnboardingWindowController.swift in Sources */,
				212855B47C9CE5251A1D2D24 /* RecordingHUDController.swift in Sources */,
				2F71A78E450A8E5763BE97AE /* GeneralSettingsView.swift in Sources */,
				E79C6B42BB60DA57C535B2C5 /* HotkeyRecorderField.swift in Sources */,
				152AC5695F5FA41F89C7CF09 /* HotkeySettingsView.swift in Sources */,
				93453A7F5CC257E66DBC897A /* PermissionRow.swift in Sources */,
				4D8AA1DBEC8B542327BE0695 /* PermissionsSettingsView.swift in Sources */,
				A37C2B45C5105BD636201293 /* RecognitionSettingsView.swift in Sources */,
				79AFC9115664EA666520E6C4 /* SettingsViewModel.swift in Sources */,
				FD23EF9371C9D1B5FE8D78E8 /* SetupWindowController.swift in Sources */,
				91C7641D388FAA070D033502 /* StatusBarController.swift in Sources */,
				DD8E4E3C767616C32A2EDDDB /* StatusMenuHeaderView.swift in Sources */,
			);
			runOnlyForDeploymentPostprocessing = 0;
		};
		CE0D0D509377DE66960E7351 /* Sources */ = {
			isa = PBXSourcesBuildPhase;
			buildActionMask = 2147483647;
			files = (
				508A846374A654B227D5CD94 /* ASRServiceTests.swift in Sources */,
				72297320B5B0DD81EB4D98C8 /* AppConfigTests.swift in Sources */,
				54A6FE1030DDB7FAEB630DAD /* AppCoordinatorReadinessTests.swift in Sources */,
				F7FB832749B727BA1BC74051 /* AudioChunkerTests.swift in Sources */,
				CEBDA2519168DE050AAA1E78 /* ConfigMigratorTests.swift in Sources */,
				F1A78D3162F10700DB4B9D2B /* ConfigStoreTests.swift in Sources */,
				46FB0CE9E5DEF56E2AB82153 /* EndToEndRecognitionTests.swift in Sources */,
				CB7D31702C099CCF70784C5F /* FbankParityTests.swift in Sources */,
				B981AAF6B4EBA746E158143F /* HUDLayoutTests.swift in Sources */,
				9C8819EDEAEEA1EAC8572BFD /* LFRCMVNTests.swift in Sources */,
				63A47DFB01D0C585DE7E7217 /* LLMCorrectorTests.swift in Sources */,
				AE66D233AD5EA31FBE832266 /* LLMEndpointTests.swift in Sources */,
				461B1E510939312C083B4B18 /* LocalASRSessionTests.swift in Sources */,
				C5B55FF40958ED8DE8F02A5A /* ModelDownloaderTests.swift in Sources */,
				41BD70A86A76678014B3DC57 /* OnboardingViewModelTests.swift in Sources */,
				E68D8E44E36D509CD8AE0FAF /* RecognitionBufferTests.swift in Sources */,
				0075540D278E9B0D608B3F48 /* SegmentedDownloadTests.swift in Sources */,
				B2DFA6267FB697D9F20B6B2D /* SettingsViewModelHotkeyTests.swift in Sources */,
				A1F87DD0CC61A2C702C58222 /* TextInsertionServiceTests.swift in Sources */,
				63E6F9CAABE5A744337D219C /* TextPostprocessorTests.swift in Sources */,
				995FF06FE19354B047A857DF /* UpdateCheckerTests.swift in Sources */,
				79D4789E65820C487AAC840F /* VoiceTyperControllerTests.swift in Sources */,
				6B2D66589EE3948A2DDB0FB6 /* WavLoader.swift in Sources */,
			);
			runOnlyForDeploymentPostprocessing = 0;
		};
/* End PBXSourcesBuildPhase section */

/* Begin PBXTargetDependency section */
		B18A725663A917D186D225B6 /* PBXTargetDependency */ = {
			isa = PBXTargetDependency;
			name = VoiceTyper;
			target = 66AAACAC3221C984F0941C00 /* VoiceTyper */;
			targetProxy = 67CCF2B8CEE5D2E429369147 /* PBXContainerItemProxy */;
		};
/* End PBXTargetDependency section */

/* Begin XCBuildConfiguration section */
		4D45F297613BE56EC79F84BB /* Debug */ = {
			isa = XCBuildConfiguration;
			buildSettings = {
				ALWAYS_SEARCH_USER_PATHS = NO;
				CLANG_ANALYZER_NONNULL = YES;
				CLANG_ANALYZER_NUMBER_OBJECT_CONVERSION = YES_AGGRESSIVE;
				CLANG_CXX_LANGUAGE_STANDARD = "gnu++14";
				CLANG_CXX_LIBRARY = "libc++";
				CLANG_ENABLE_MODULES = YES;
				CLANG_ENABLE_OBJC_ARC = YES;
				CLANG_ENABLE_OBJC_WEAK = YES;
				CLANG_WARN_BLOCK_CAPTURE_AUTORELEASING = YES;
				CLANG_WARN_BOOL_CONVERSION = YES;
				CLANG_WARN_COMMA = YES;
				CLANG_WARN_CONSTANT_CONVERSION = YES;
				CLANG_WARN_DEPRECATED_OBJC_IMPLEMENTATIONS = YES;
				CLANG_WARN_DIRECT_OBJC_ISA_USAGE = YES_ERROR;
				CLANG_WARN_DOCUMENTATION_COMMENTS = YES;
				CLANG_WARN_EMPTY_BODY = YES;
				CLANG_WARN_ENUM_CONVERSION = YES;
				CLANG_WARN_INFINITE_RECURSION = YES;
				CLANG_WARN_INT_CONVERSION = YES;
				CLANG_WARN_NON_LITERAL_NULL_CONVERSION = YES;
				CLANG_WARN_OBJC_IMPLICIT_RETAIN_SELF = YES;
				CLANG_WARN_OBJC_LITERAL_CONVERSION = YES;
				CLANG_WARN_OBJC_ROOT_CLASS = YES_ERROR;
				CLANG_WARN_QUOTED_INCLUDE_IN_FRAMEWORK_HEADER = YES;
				CLANG_WARN_RANGE_LOOP_ANALYSIS = YES;
				CLANG_WARN_STRICT_PROTOTYPES = YES;
				CLANG_WARN_SUSPICIOUS_MOVE = YES;
				CLANG_WARN_UNGUARDED_AVAILABILITY = YES_AGGRESSIVE;
				CLANG_WARN_UNREACHABLE_CODE = YES;
				CLANG_WARN__DUPLICATE_METHOD_MATCH = YES;
				COPY_PHASE_STRIP = NO;
				CURRENT_PROJECT_VERSION = 1;
				DEBUG_INFORMATION_FORMAT = dwarf;
				ENABLE_STRICT_OBJC_MSGSEND = YES;
				ENABLE_TESTABILITY = YES;
				GCC_C_LANGUAGE_STANDARD = gnu11;
				GCC_DYNAMIC_NO_PIC = NO;
				GCC_NO_COMMON_BLOCKS = YES;
				GCC_OPTIMIZATION_LEVEL = 0;
				GCC_PREPROCESSOR_DEFINITIONS = (
					"DEBUG=1",
					"$(inherited)",
				);
				GCC_WARN_64_TO_32_BIT_CONVERSION = YES;
				GCC_WARN_ABOUT_RETURN_TYPE = YES_ERROR;
				GCC_WARN_UNDECLARED_SELECTOR = YES;
				GCC_WARN_UNINITIALIZED_AUTOS = YES_AGGRESSIVE;
				GCC_WARN_UNUSED_FUNCTION = YES;
				GCC_WARN_UNUSED_VARIABLE = YES;
				MACOSX_DEPLOYMENT_TARGET = 14.0;
				MARKETING_VERSION = 3.2.1;
				MTL_ENABLE_DEBUG_INFO = INCLUDE_SOURCE;
				MTL_FAST_MATH = YES;
				ONLY_ACTIVE_ARCH = YES;
				PRODUCT_NAME = "$(TARGET_NAME)";
				SWIFT_ACTIVE_COMPILATION_CONDITIONS = DEBUG;
				SWIFT_OPTIMIZATION_LEVEL = "-Onone";
				SWIFT_VERSION = 6.0;
			};
			name = Debug;
		};
		7C4DD625E07A1AC9133066FE /* Release */ = {
			isa = XCBuildConfiguration;
			buildSettings = {
				ARCHS = arm64;
				ASSETCATALOG_COMPILER_APPICON_NAME = AppIcon;
				ASSETCATALOG_COMPILER_GENERATE_SWIFT_ASSET_SYMBOL_EXTENSIONS = NO;
				ASSETCATALOG_COMPILER_GLOBAL_ACCENT_COLOR_NAME = AccentColor;
				CODE_SIGN_ENTITLEMENTS = Resources/VoiceTyper.entitlements;
				CODE_SIGN_STYLE = Automatic;
				COMBINE_HIDPI_IMAGES = YES;
				CURRENT_PROJECT_VERSION = 1;
				ENABLE_HARDENED_RUNTIME = YES;
				GENERATE_INFOPLIST_FILE = NO;
				INFOPLIST_FILE = Resources/Info.plist;
				LD_RUNPATH_SEARCH_PATHS = "$(inherited) @executable_path/../Frameworks";
				MACOSX_DEPLOYMENT_TARGET = 14.0;
				MARKETING_VERSION = 3.2.1;
				ONLY_ACTIVE_ARCH = NO;
				PRODUCT_BUNDLE_IDENTIFIER = com.voicetyper.app;
				PRODUCT_NAME = VoiceTyper;
				SDKROOT = macosx;
				SWIFT_EMIT_LOC_STRINGS = NO;
				SWIFT_OPTIMIZATION_LEVEL = "-O";
				SWIFT_VERSION = 6.0;
			};
			name = Release;
		};
		82F830EC3263DC09EA079C72 /* Release */ = {
			isa = XCBuildConfiguration;
			buildSettings = {
				ALWAYS_SEARCH_USER_PATHS = NO;
				CLANG_ANALYZER_NONNULL = YES;
				CLANG_ANALYZER_NUMBER_OBJECT_CONVERSION = YES_AGGRESSIVE;
				CLANG_CXX_LANGUAGE_STANDARD = "gnu++14";
				CLANG_CXX_LIBRARY = "libc++";
				CLANG_ENABLE_MODULES = YES;
				CLANG_ENABLE_OBJC_ARC = YES;
				CLANG_ENABLE_OBJC_WEAK = YES;
				CLANG_WARN_BLOCK_CAPTURE_AUTORELEASING = YES;
				CLANG_WARN_BOOL_CONVERSION = YES;
				CLANG_WARN_COMMA = YES;
				CLANG_WARN_CONSTANT_CONVERSION = YES;
				CLANG_WARN_DEPRECATED_OBJC_IMPLEMENTATIONS = YES;
				CLANG_WARN_DIRECT_OBJC_ISA_USAGE = YES_ERROR;
				CLANG_WARN_DOCUMENTATION_COMMENTS = YES;
				CLANG_WARN_EMPTY_BODY = YES;
				CLANG_WARN_ENUM_CONVERSION = YES;
				CLANG_WARN_INFINITE_RECURSION = YES;
				CLANG_WARN_INT_CONVERSION = YES;
				CLANG_WARN_NON_LITERAL_NULL_CONVERSION = YES;
				CLANG_WARN_OBJC_IMPLICIT_RETAIN_SELF = YES;
				CLANG_WARN_OBJC_LITERAL_CONVERSION = YES;
				CLANG_WARN_OBJC_ROOT_CLASS = YES_ERROR;
				CLANG_WARN_QUOTED_INCLUDE_IN_FRAMEWORK_HEADER = YES;
				CLANG_WARN_RANGE_LOOP_ANALYSIS = YES;
				CLANG_WARN_STRICT_PROTOTYPES = YES;
				CLANG_WARN_SUSPICIOUS_MOVE = YES;
				CLANG_WARN_UNGUARDED_AVAILABILITY = YES_AGGRESSIVE;
				CLANG_WARN_UNREACHABLE_CODE = YES;
				CLANG_WARN__DUPLICATE_METHOD_MATCH = YES;
				COPY_PHASE_STRIP = NO;
				CURRENT_PROJECT_VERSION = 1;
				DEBUG_INFORMATION_FORMAT = "dwarf-with-dsym";
				ENABLE_NS_ASSERTIONS = NO;
				ENABLE_STRICT_OBJC_MSGSEND = YES;
				GCC_C_LANGUAGE_STANDARD = gnu11;
				GCC_NO_COMMON_BLOCKS = YES;
				GCC_WARN_64_TO_32_BIT_CONVERSION = YES;
				GCC_WARN_ABOUT_RETURN_TYPE = YES_ERROR;
				GCC_WARN_UNDECLARED_SELECTOR = YES;
				GCC_WARN_UNINITIALIZED_AUTOS = YES_AGGRESSIVE;
				GCC_WARN_UNUSED_FUNCTION = YES;
				GCC_WARN_UNUSED_VARIABLE = YES;
				MACOSX_DEPLOYMENT_TARGET = 14.0;
				MARKETING_VERSION = 3.2.1;
				MTL_ENABLE_DEBUG_INFO = NO;
				MTL_FAST_MATH = YES;
				PRODUCT_NAME = "$(TARGET_NAME)";
				SWIFT_COMPILATION_MODE = wholemodule;
				SWIFT_OPTIMIZATION_LEVEL = "-O";
				SWIFT_VERSION = 6.0;
			};
			name = Release;
		};
		CB722CC9843F80C7C6D1DE1C /* Debug */ = {
			isa = XCBuildConfiguration;
			buildSettings = {
				ARCHS = arm64;
				BUNDLE_LOADER = "$(TEST_HOST)";
				CODE_SIGN_STYLE = Automatic;
				GENERATE_INFOPLIST_FILE = YES;
				MACOSX_DEPLOYMENT_TARGET = 14.0;
				ONLY_ACTIVE_ARCH = YES;
				PRODUCT_BUNDLE_IDENTIFIER = com.voicetyper.app.tests;
				SDKROOT = macosx;
				SWIFT_VERSION = 6.0;
				TEST_HOST = "$(BUILT_PRODUCTS_DIR)/VoiceTyper.app/Contents/MacOS/VoiceTyper";
			};
			name = Debug;
		};
		CF528C801793ED3498E9C465 /* Release */ = {
			isa = XCBuildConfiguration;
			buildSettings = {
				ARCHS = arm64;
				BUNDLE_LOADER = "$(TEST_HOST)";
				CODE_SIGN_STYLE = Automatic;
				GENERATE_INFOPLIST_FILE = YES;
				MACOSX_DEPLOYMENT_TARGET = 14.0;
				ONLY_ACTIVE_ARCH = YES;
				PRODUCT_BUNDLE_IDENTIFIER = com.voicetyper.app.tests;
				SDKROOT = macosx;
				SWIFT_VERSION = 6.0;
				TEST_HOST = "$(BUILT_PRODUCTS_DIR)/VoiceTyper.app/Contents/MacOS/VoiceTyper";
			};
			name = Release;
		};
		EE73C5D1250C413D583DED16 /* Debug */ = {
			isa = XCBuildConfiguration;
			buildSettings = {
				ARCHS = arm64;
				ASSETCATALOG_COMPILER_APPICON_NAME = AppIcon;
				ASSETCATALOG_COMPILER_GENERATE_SWIFT_ASSET_SYMBOL_EXTENSIONS = NO;
				ASSETCATALOG_COMPILER_GLOBAL_ACCENT_COLOR_NAME = AccentColor;
				CODE_SIGN_ENTITLEMENTS = Resources/VoiceTyper.entitlements;
				CODE_SIGN_STYLE = Automatic;
				COMBINE_HIDPI_IMAGES = YES;
				CURRENT_PROJECT_VERSION = 1;
				ENABLE_HARDENED_RUNTIME = YES;
				GENERATE_INFOPLIST_FILE = NO;
				INFOPLIST_FILE = Resources/Info.plist;
				LD_RUNPATH_SEARCH_PATHS = "$(inherited) @executable_path/../Frameworks";
				MACOSX_DEPLOYMENT_TARGET = 14.0;
				MARKETING_VERSION = 3.2.1;
				ONLY_ACTIVE_ARCH = NO;
				PRODUCT_BUNDLE_IDENTIFIER = com.voicetyper.app;
				PRODUCT_NAME = VoiceTyper;
				SDKROOT = macosx;
				SWIFT_EMIT_LOC_STRINGS = NO;
				SWIFT_OPTIMIZATION_LEVEL = "-Onone";
				SWIFT_VERSION = 6.0;
			};
			name = Debug;
		};
/* End XCBuildConfiguration section */

/* Begin XCConfigurationList section */
		230968CBF8ADCDE29253ACA6 /* Build configuration list for PBXProject "VoiceTyper" */ = {
			isa = XCConfigurationList;
			buildConfigurations = (
				4D45F297613BE56EC79F84BB /* Debug */,
				82F830EC3263DC09EA079C72 /* Release */,
			);
			defaultConfigurationIsVisible = 0;
			defaultConfigurationName = Release;
		};
		B41C89F608DB4CCCA199D56B /* Build configuration list for PBXNativeTarget "VoiceTyperTests" */ = {
			isa = XCConfigurationList;
			buildConfigurations = (
				CF528C801793ED3498E9C465 /* Release */,
				CB722CC9843F80C7C6D1DE1C /* Debug */,
			);
			defaultConfigurationIsVisible = 0;
			defaultConfigurationName = Release;
		};
		C57C102A6D7A95F3B7A74F07 /* Build configuration list for PBXNativeTarget "VoiceTyper" */ = {
			isa = XCConfigurationList;
			buildConfigurations = (
				7C4DD625E07A1AC9133066FE /* Release */,
				EE73C5D1250C413D583DED16 /* Debug */,
			);
			defaultConfigurationIsVisible = 0;
			defaultConfigurationName = Release;
		};
/* End XCConfigurationList section */

/* Begin XCRemoteSwiftPackageReference section */
		12F2B589BA4858E329A0D3C7 /* XCRemoteSwiftPackageReference "onnxruntime-swift-package-manager" */ = {
			isa = XCRemoteSwiftPackageReference;
			repositoryURL = "https://github.com/microsoft/onnxruntime-swift-package-manager";
			requirement = {
				kind = exactVersion;
				version = 1.24.2;
			};
		};
		B57451B0B2167A052A77EBA9 /* XCRemoteSwiftPackageReference "Yams" */ = {
			isa = XCRemoteSwiftPackageReference;
			repositoryURL = "https://github.com/jpsim/Yams.git";
			requirement = {
				kind = upToNextMajorVersion;
				minimumVersion = 6.2.1;
			};
		};
/* End XCRemoteSwiftPackageReference section */

/* Begin XCSwiftPackageProductDependency section */
		9141A7AB16D82FC8EE8B43C8 /* onnxruntime */ = {
			isa = XCSwiftPackageProductDependency;
			package = 12F2B589BA4858E329A0D3C7 /* XCRemoteSwiftPackageReference "onnxruntime-swift-package-manager" */;
			productName = onnxruntime;
		};
		B24CB8F92C3C77605D39AD37 /* Yams */ = {
			isa = XCSwiftPackageProductDependency;
			package = B57451B0B2167A052A77EBA9 /* XCRemoteSwiftPackageReference "Yams" */;
			productName = Yams;
		};
/* End XCSwiftPackageProductDependency section */
	};
	rootObject = 9A541F5E7554E23BFFC32CA9 /* Project object */;
}
