// !$*UTF8*$!
{
	archiveVersion = 1;
	classes = {
	};
	objectVersion = 46;
	objects = {

/* Begin PBXBuildFile section */
		26EDF1555D32130090276315 /* AppIcon.icns in Resources */ = {isa = PBXBuildFile; fileRef = 1AE289FF57353AAF6D61C66D /* AppIcon.icns */; };
		54CECC9A3DD165AB67572C0C /* AppState.swift in Sources */ = {isa = PBXBuildFile; fileRef = 653B4D93F514975C8F179741 /* AppState.swift */; settings = {COMPILER_FLAGS = "-"; }; };
		7B59FD1DBECEC263DA2DAB9D /* VoiceTyperController.swift in Sources */ = {isa = PBXBuildFile; fileRef = 6CA0370EA209D682D7D14B4C /* VoiceTyperController.swift */; settings = {COMPILER_FLAGS = "-"; }; };
		7F5E0785A1EA4AD81AF3CD6C /* Logger.swift in Sources */ = {isa = PBXBuildFile; fileRef = 5389C483AC330E98B7DBFD78 /* Logger.swift */; settings = {COMPILER_FLAGS = "-"; }; };
		88328576E1427EAFEA976C93 /* VoiceTyperAppMain.swift in Sources */ = {isa = PBXBuildFile; fileRef = 2FBB1958633BFA98A258D0F5 /* VoiceTyperAppMain.swift */; settings = {COMPILER_FLAGS = "-"; }; };
		8833552CA994A69F9722A36F /* RecordingHUDController.swift in Sources */ = {isa = PBXBuildFile; fileRef = 550104F85B194E142DBAEDDE /* RecordingHUDController.swift */; settings = {COMPILER_FLAGS = "-"; }; };
		88AD10C27B08EDB6BC83374B /* Cocoa.framework in Frameworks */ = {isa = PBXBuildFile; fileRef = 6D6E21DC6B56B68244E797CE /* Cocoa.framework */; };
		8E581BF5D0B29F104F21A9E5 /* AppDelegate.swift in Sources */ = {isa = PBXBuildFile; fileRef = AA3BF90E40C583130F1AAB9E /* AppDelegate.swift */; settings = {COMPILER_FLAGS = "-"; }; };
		93BEFDDA9FD3DCEC1E3822CC /* AppCoordinator.swift in Sources */ = {isa = PBXBuildFile; fileRef = BCE151201707A52412E36E15 /* AppCoordinator.swift */; settings = {COMPILER_FLAGS = "-"; }; };
		9E6FA5CF5F0F8BF0826A73F8 /* StatusBarController.swift in Sources */ = {isa = PBXBuildFile; fileRef = CFADC074056703802C45C6E8 /* StatusBarController.swift */; settings = {COMPILER_FLAGS = "-"; }; };
		A0DD4AF68A315DFC9DA43745 /* Constants.swift in Sources */ = {isa = PBXBuildFile; fileRef = BC04A2C42015B3ED297AA6B0 /* Constants.swift */; settings = {COMPILER_FLAGS = "-"; }; };
		A120DE09BEBA200E5E4B0019 /* ASRClient.swift in Sources */ = {isa = PBXBuildFile; fileRef = B101B5CB73B86D5E68650443 /* ASRClient.swift */; settings = {COMPILER_FLAGS = "-"; }; };
		ABBAA3EDF2EF5DEF22D0E31F /* AppConfig.swift in Sources */ = {isa = PBXBuildFile; fileRef = 2CD15D906DBB06CCCADDDD80 /* AppConfig.swift */; settings = {COMPILER_FLAGS = "-"; }; };
		C1AD4442BE79FB709AE434A9 /* PermissionCenter.swift in Sources */ = {isa = PBXBuildFile; fileRef = DBA3AD02B1A88125ECD7CCC8 /* PermissionCenter.swift */; settings = {COMPILER_FLAGS = "-"; }; };
		DC4557B9F707008B58FBF0E0 /* TextInsertionService.swift in Sources */ = {isa = PBXBuildFile; fileRef = 1D6E6F1964FF2D7FAC2BC9BC /* TextInsertionService.swift */; settings = {COMPILER_FLAGS = "-"; }; };
		E08CB8887349BB15D9C357C2 /* AudioCaptureService.swift in Sources */ = {isa = PBXBuildFile; fileRef = 12DBFF0FCF07A2EF85093EE6 /* AudioCaptureService.swift */; settings = {COMPILER_FLAGS = "-"; }; };
		F00772BE05BBDFE6470C1671 /* HotkeyService.swift in Sources */ = {isa = PBXBuildFile; fileRef = 9F02591D3C6761269BD93D22 /* HotkeyService.swift */; settings = {COMPILER_FLAGS = "-"; }; };
		F736E4E77B216EF700C21D76 /* ConfigStore.swift in Sources */ = {isa = PBXBuildFile; fileRef = 50E9499496C721AADD06A015 /* ConfigStore.swift */; settings = {COMPILER_FLAGS = "-"; }; };
		FB37ED8BAF1EC07FAF3CC9CD /* SetupWindowController.swift in Sources */ = {isa = PBXBuildFile; fileRef = A8E09152628F079083B7626C /* SetupWindowController.swift */; settings = {COMPILER_FLAGS = "-"; }; };
/* End PBXBuildFile section */

/* Begin PBXFileReference section */
		11B1E9B2ED508CC5E7B193DD /* VoiceTyper.app */ = {isa = PBXFileReference; explicitFileType = wrapper.application; includeInIndex = 0; path = VoiceTyper.app; sourceTree = BUILT_PRODUCTS_DIR; };
		12DBFF0FCF07A2EF85093EE6 /* AudioCaptureService.swift */ = {isa = PBXFileReference; includeInIndex = 1; lastKnownFileType = sourcecode.swift; name = AudioCaptureService.swift; path = Sources/VoiceTyperApp/Services/AudioCaptureService.swift; sourceTree = "<group>"; };
		1AE289FF57353AAF6D61C66D /* AppIcon.icns */ = {isa = PBXFileReference; includeInIndex = 1; name = AppIcon.icns; path = Resources/AppIcon.icns; sourceTree = "<group>"; };
		1D6E6F1964FF2D7FAC2BC9BC /* TextInsertionService.swift */ = {isa = PBXFileReference; includeInIndex = 1; lastKnownFileType = sourcecode.swift; name = TextInsertionService.swift; path = Sources/VoiceTyperApp/Services/TextInsertionService.swift; sourceTree = "<group>"; };
		2CD15D906DBB06CCCADDDD80 /* AppConfig.swift */ = {isa = PBXFileReference; includeInIndex = 1; lastKnownFileType = sourcecode.swift; name = AppConfig.swift; path = Sources/VoiceTyperApp/Core/AppConfig.swift; sourceTree = "<group>"; };
		2FBB1958633BFA98A258D0F5 /* VoiceTyperAppMain.swift */ = {isa = PBXFileReference; includeInIndex = 1; lastKnownFileType = sourcecode.swift; name = VoiceTyperAppMain.swift; path = Sources/VoiceTyperApp/App/VoiceTyperAppMain.swift; sourceTree = "<group>"; };
		50E9499496C721AADD06A015 /* ConfigStore.swift */ = {isa = PBXFileReference; includeInIndex = 1; lastKnownFileType = sourcecode.swift; name = ConfigStore.swift; path = Sources/VoiceTyperApp/Core/ConfigStore.swift; sourceTree = "<group>"; };
		5389C483AC330E98B7DBFD78 /* Logger.swift */ = {isa = PBXFileReference; includeInIndex = 1; lastKnownFileType = sourcecode.swift; name = Logger.swift; path = Sources/VoiceTyperApp/Support/Logger.swift; sourceTree = "<group>"; };
		550104F85B194E142DBAEDDE /* RecordingHUDController.swift */ = {isa = PBXFileReference; includeInIndex = 1; lastKnownFileType = sourcecode.swift; name = RecordingHUDController.swift; path = Sources/VoiceTyperApp/UI/RecordingHUDController.swift; sourceTree = "<group>"; };
		653B4D93F514975C8F179741 /* AppState.swift */ = {isa = PBXFileReference; includeInIndex = 1; lastKnownFileType = sourcecode.swift; name = AppState.swift; path = Sources/VoiceTyperApp/Core/AppState.swift; sourceTree = "<group>"; };
		6C00E41DD0E9FC42286FD748 /* Info.plist */ = {isa = PBXFileReference; includeInIndex = 0; lastKnownFileType = text.plist.xml; name = Info.plist; path = Resources/Info.plist; sourceTree = "<group>"; };
		6CA0370EA209D682D7D14B4C /* VoiceTyperController.swift */ = {isa = PBXFileReference; includeInIndex = 1; lastKnownFileType = sourcecode.swift; name = VoiceTyperController.swift; path = Sources/VoiceTyperApp/Core/VoiceTyperController.swift; sourceTree = "<group>"; };
		6D6E21DC6B56B68244E797CE /* Cocoa.framework */ = {isa = PBXFileReference; lastKnownFileType = wrapper.framework; name = Cocoa.framework; path = Platforms/MacOSX.platform/Developer/SDKs/MacOSX15.0.sdk/System/Library/Frameworks/Cocoa.framework; sourceTree = DEVELOPER_DIR; };
		9F02591D3C6761269BD93D22 /* HotkeyService.swift */ = {isa = PBXFileReference; includeInIndex = 1; lastKnownFileType = sourcecode.swift; name = HotkeyService.swift; path = Sources/VoiceTyperApp/Services/HotkeyService.swift; sourceTree = "<group>"; };
		A8E09152628F079083B7626C /* SetupWindowController.swift */ = {isa = PBXFileReference; includeInIndex = 1; lastKnownFileType = sourcecode.swift; name = SetupWindowController.swift; path = Sources/VoiceTyperApp/UI/SetupWindowController.swift; sourceTree = "<group>"; };
		AA3BF90E40C583130F1AAB9E /* AppDelegate.swift */ = {isa = PBXFileReference; includeInIndex = 1; lastKnownFileType = sourcecode.swift; name = AppDelegate.swift; path = Sources/VoiceTyperApp/App/AppDelegate.swift; sourceTree = "<group>"; };
		B101B5CB73B86D5E68650443 /* ASRClient.swift */ = {isa = PBXFileReference; includeInIndex = 1; lastKnownFileType = sourcecode.swift; name = ASRClient.swift; path = Sources/VoiceTyperApp/Services/ASRClient.swift; sourceTree = "<group>"; };
		BC04A2C42015B3ED297AA6B0 /* Constants.swift */ = {isa = PBXFileReference; includeInIndex = 1; lastKnownFileType = sourcecode.swift; name = Constants.swift; path = Sources/VoiceTyperApp/Support/Constants.swift; sourceTree = "<group>"; };
		BCE151201707A52412E36E15 /* AppCoordinator.swift */ = {isa = PBXFileReference; includeInIndex = 1; lastKnownFileType = sourcecode.swift; name = AppCoordinator.swift; path = Sources/VoiceTyperApp/App/AppCoordinator.swift; sourceTree = "<group>"; };
		CFADC074056703802C45C6E8 /* StatusBarController.swift */ = {isa = PBXFileReference; includeInIndex = 1; lastKnownFileType = sourcecode.swift; name = StatusBarController.swift; path = Sources/VoiceTyperApp/UI/StatusBarController.swift; sourceTree = "<group>"; };
		DBA3AD02B1A88125ECD7CCC8 /* PermissionCenter.swift */ = {isa = PBXFileReference; includeInIndex = 1; lastKnownFileType = sourcecode.swift; name = PermissionCenter.swift; path = Sources/VoiceTyperApp/Core/PermissionCenter.swift; sourceTree = "<group>"; };
/* End PBXFileReference section */

/* Begin PBXFrameworksBuildPhase section */
		83B441B001BE18FB44D1FDC3 /* Frameworks */ = {
			isa = PBXFrameworksBuildPhase;
			buildActionMask = 2147483647;
			files = (
				88AD10C27B08EDB6BC83374B /* Cocoa.framework in Frameworks */,
			);
			runOnlyForDeploymentPostprocessing = 0;
		};
/* End PBXFrameworksBuildPhase section */

/* Begin PBXGroup section */
		24C862E91915EC3BE2327D00 /* Support */ = {
			isa = PBXGroup;
			children = (
				BC04A2C42015B3ED297AA6B0 /* Constants.swift */,
				5389C483AC330E98B7DBFD78 /* Logger.swift */,
			);
			name = Support;
			sourceTree = "<group>";
		};
		2F8C00BFA475492DFAC1E725 /* VoiceTyperApp */ = {
			isa = PBXGroup;
			children = (
				C79BE94CC950AB58754F02C8 /* App */,
				78951CDE0AFBEA2E4C93795F /* Core */,
				D671DDB66A6D55A784235B24 /* Services */,
				24C862E91915EC3BE2327D00 /* Support */,
				E15758381DD2B26949556069 /* UI */,
			);
			name = VoiceTyperApp;
			sourceTree = "<group>";
		};
		47BB951DDC878155E8D2EFF5 /* Frameworks */ = {
			isa = PBXGroup;
			children = (
				7F232C2956DEF172D4DE27E7 /* OS X */,
			);
			name = Frameworks;
			sourceTree = "<group>";
		};
		4F662E61E7C7A8CB86675985 = {
			isa = PBXGroup;
			children = (
				50F51A89893088D4664F40E0 /* Products */,
				47BB951DDC878155E8D2EFF5 /* Frameworks */,
				6C3DDF31C77CACC3CCB7636C /* Sources */,
				82AB8B7CA050A97BC2E15CC3 /* Resources */,
			);
			sourceTree = "<group>";
		};
		50F51A89893088D4664F40E0 /* Products */ = {
			isa = PBXGroup;
			children = (
				11B1E9B2ED508CC5E7B193DD /* VoiceTyper.app */,
			);
			name = Products;
			sourceTree = "<group>";
		};
		6C3DDF31C77CACC3CCB7636C /* Sources */ = {
			isa = PBXGroup;
			children = (
				2F8C00BFA475492DFAC1E725 /* VoiceTyperApp */,
			);
			name = Sources;
			sourceTree = "<group>";
		};
		78951CDE0AFBEA2E4C93795F /* Core */ = {
			isa = PBXGroup;
			children = (
				2CD15D906DBB06CCCADDDD80 /* AppConfig.swift */,
				653B4D93F514975C8F179741 /* AppState.swift */,
				50E9499496C721AADD06A015 /* ConfigStore.swift */,
				DBA3AD02B1A88125ECD7CCC8 /* PermissionCenter.swift */,
				6CA0370EA209D682D7D14B4C /* VoiceTyperController.swift */,
			);
			name = Core;
			sourceTree = "<group>";
		};
		7F232C2956DEF172D4DE27E7 /* OS X */ = {
			isa = PBXGroup;
			children = (
				6D6E21DC6B56B68244E797CE /* Cocoa.framework */,
			);
			name = "OS X";
			sourceTree = "<group>";
		};
		82AB8B7CA050A97BC2E15CC3 /* Resources */ = {
			isa = PBXGroup;
			children = (
				6C00E41DD0E9FC42286FD748 /* Info.plist */,
				1AE289FF57353AAF6D61C66D /* AppIcon.icns */,
			);
			name = Resources;
			sourceTree = "<group>";
		};
		C79BE94CC950AB58754F02C8 /* App */ = {
			isa = PBXGroup;
			children = (
				BCE151201707A52412E36E15 /* AppCoordinator.swift */,
				AA3BF90E40C583130F1AAB9E /* AppDelegate.swift */,
				2FBB1958633BFA98A258D0F5 /* VoiceTyperAppMain.swift */,
			);
			name = App;
			sourceTree = "<group>";
		};
		D671DDB66A6D55A784235B24 /* Services */ = {
			isa = PBXGroup;
			children = (
				B101B5CB73B86D5E68650443 /* ASRClient.swift */,
				12DBFF0FCF07A2EF85093EE6 /* AudioCaptureService.swift */,
				9F02591D3C6761269BD93D22 /* HotkeyService.swift */,
				1D6E6F1964FF2D7FAC2BC9BC /* TextInsertionService.swift */,
			);
			name = Services;
			sourceTree = "<group>";
		};
		E15758381DD2B26949556069 /* UI */ = {
			isa = PBXGroup;
			children = (
				550104F85B194E142DBAEDDE /* RecordingHUDController.swift */,
				A8E09152628F079083B7626C /* SetupWindowController.swift */,
				CFADC074056703802C45C6E8 /* StatusBarController.swift */,
			);
			name = UI;
			sourceTree = "<group>";
		};
/* End PBXGroup section */

/* Begin PBXNativeTarget section */
		39A8100E0FC9D35CA2B71E41 /* VoiceTyper */ = {
			isa = PBXNativeTarget;
			buildConfigurationList = D3F0B2157F02C417EA8C875B /* Build configuration list for PBXNativeTarget "VoiceTyper" */;
			buildPhases = (
				34091735AB2AA16F77EE3901 /* Sources */,
				83B441B001BE18FB44D1FDC3 /* Frameworks */,
				D68F560912C060DB8145BE37 /* Resources */,
			);
			buildRules = (
			);
			dependencies = (
			);
			name = VoiceTyper;
			packageProductDependencies = (
				BF4C7014CDCA9302AAC3C51C /* Yams */,
			);
			productName = VoiceTyper;
			productReference = 11B1E9B2ED508CC5E7B193DD /* VoiceTyper.app */;
			productType = "com.apple.product-type.application";
		};
/* End PBXNativeTarget section */

/* Begin PBXProject section */
		0AC6C604167D0BF9CD10FF26 /* Project object */ = {
			isa = PBXProject;
			attributes = {
				LastSwiftUpdateCheck = 2600;
				LastUpgradeCheck = 2600;
			};
			buildConfigurationList = B2A2EE349FC75A1BBFCA69CD /* Build configuration list for PBXProject "VoiceTyper" */;
			compatibilityVersion = "Xcode 3.2";
			developmentRegion = en;
			hasScannedForEncodings = 0;
			knownRegions = (
				en,
				Base,
			);
			mainGroup = 4F662E61E7C7A8CB86675985;
			minimizedProjectReferenceProxies = 0;
			packageReferences = (
				3010EFDA3F9FD582D2EBFB0D /* XCRemoteSwiftPackageReference "Yams" */,
			);
			preferredProjectObjectVersion = 77;
			productRefGroup = 50F51A89893088D4664F40E0 /* Products */;
			projectDirPath = "";
			projectRoot = "";
			targets = (
				39A8100E0FC9D35CA2B71E41 /* VoiceTyper */,
			);
		};
/* End PBXProject section */

/* Begin PBXResourcesBuildPhase section */
		D68F560912C060DB8145BE37 /* Resources */ = {
			isa = PBXResourcesBuildPhase;
			buildActionMask = 2147483647;
			files = (
				26EDF1555D32130090276315 /* AppIcon.icns in Resources */,
			);
			runOnlyForDeploymentPostprocessing = 0;
		};
/* End PBXResourcesBuildPhase section */

/* Begin PBXSourcesBuildPhase section */
		34091735AB2AA16F77EE3901 /* Sources */ = {
			isa = PBXSourcesBuildPhase;
			buildActionMask = 2147483647;
			files = (
				93BEFDDA9FD3DCEC1E3822CC /* AppCoordinator.swift in Sources */,
				8E581BF5D0B29F104F21A9E5 /* AppDelegate.swift in Sources */,
				88328576E1427EAFEA976C93 /* VoiceTyperAppMain.swift in Sources */,
				ABBAA3EDF2EF5DEF22D0E31F /* AppConfig.swift in Sources */,
				54CECC9A3DD165AB67572C0C /* AppState.swift in Sources */,
				F736E4E77B216EF700C21D76 /* ConfigStore.swift in Sources */,
				C1AD4442BE79FB709AE434A9 /* PermissionCenter.swift in Sources */,
				7B59FD1DBECEC263DA2DAB9D /* VoiceTyperController.swift in Sources */,
				A120DE09BEBA200E5E4B0019 /* ASRClient.swift in Sources */,
				E08CB8887349BB15D9C357C2 /* AudioCaptureService.swift in Sources */,
				F00772BE05BBDFE6470C1671 /* HotkeyService.swift in Sources */,
				DC4557B9F707008B58FBF0E0 /* TextInsertionService.swift in Sources */,
				A0DD4AF68A315DFC9DA43745 /* Constants.swift in Sources */,
				7F5E0785A1EA4AD81AF3CD6C /* Logger.swift in Sources */,
				8833552CA994A69F9722A36F /* RecordingHUDController.swift in Sources */,
				FB37ED8BAF1EC07FAF3CC9CD /* SetupWindowController.swift in Sources */,
				9E6FA5CF5F0F8BF0826A73F8 /* StatusBarController.swift in Sources */,
			);
			runOnlyForDeploymentPostprocessing = 0;
		};
/* End PBXSourcesBuildPhase section */

/* Begin XCBuildConfiguration section */
		3228A81941D50F22EFDA0F4C /* Debug */ = {
			isa = XCBuildConfiguration;
			buildSettings = {
				ASSETCATALOG_COMPILER_APPICON_NAME = AppIcon;
				ASSETCATALOG_COMPILER_GENERATE_SWIFT_ASSET_SYMBOL_EXTENSIONS = NO;
				ASSETCATALOG_COMPILER_GLOBAL_ACCENT_COLOR_NAME = AccentColor;
				CODE_SIGN_STYLE = Automatic;
				COMBINE_HIDPI_IMAGES = YES;
				CURRENT_PROJECT_VERSION = 1;
				ENABLE_HARDENED_RUNTIME = NO;
				GENERATE_INFOPLIST_FILE = NO;
				INFOPLIST_FILE = Resources/Info.plist;
				LD_RUNPATH_SEARCH_PATHS = "$(inherited) @executable_path/../Frameworks";
				MACOSX_DEPLOYMENT_TARGET = 14.0;
				MARKETING_VERSION = 2.2.0;
				PRODUCT_BUNDLE_IDENTIFIER = com.voicetyper.app;
				PRODUCT_NAME = VoiceTyper;
				SDKROOT = macosx;
				SWIFT_EMIT_LOC_STRINGS = NO;
				SWIFT_OPTIMIZATION_LEVEL = "-Onone";
				SWIFT_VERSION = 6.0;
			};
			name = Debug;
		};
		6F7CAF148841B9B4BB833A3F /* Release */ = {
			isa = XCBuildConfiguration;
			buildSettings = {
				ALWAYS_SEARCH_USER_PATHS = NO;
				CLANG_ANALYZER_NONNULL = YES;
				CLANG_ANALYZER_NUMBER_OBJECT_CONVERSION = YES_AGGRESSIVE;
				CLANG_CXX_LANGUAGE_STANDARD = "gnu++14";
				CLANG_CXX_LIBRARY = "libc++";
				CLANG_ENABLE_MODULES = YES;
				CLANG_ENABLE_OBJC_ARC = YES;
				CLANG_ENABLE_OBJC_WEAK = YES;
				CLANG_WARN_BLOCK_CAPTURE_AUTORELEASING = YES;
				CLANG_WARN_BOOL_CONVERSION = YES;
				CLANG_WARN_COMMA = YES;
				CLANG_WARN_CONSTANT_CONVERSION = YES;
				CLANG_WARN_DEPRECATED_OBJC_IMPLEMENTATIONS = YES;
				CLANG_WARN_DIRECT_OBJC_ISA_USAGE = YES_ERROR;
				CLANG_WARN_DOCUMENTATION_COMMENTS = YES;
				CLANG_WARN_EMPTY_BODY = YES;
				CLANG_WARN_ENUM_CONVERSION = YES;
				CLANG_WARN_INFINITE_RECURSION = YES;
				CLANG_WARN_INT_CONVERSION = YES;
				CLANG_WARN_NON_LITERAL_NULL_CONVERSION = YES;
				CLANG_WARN_OBJC_IMPLICIT_RETAIN_SELF = YES;
				CLANG_WARN_OBJC_LITERAL_CONVERSION = YES;
				CLANG_WARN_OBJC_ROOT_CLASS = YES_ERROR;
				CLANG_WARN_QUOTED_INCLUDE_IN_FRAMEWORK_HEADER = YES;
				CLANG_WARN_RANGE_LOOP_ANALYSIS = YES;
				CLANG_WARN_STRICT_PROTOTYPES = YES;
				CLANG_WARN_SUSPICIOUS_MOVE = YES;
				CLANG_WARN_UNGUARDED_AVAILABILITY = YES_AGGRESSIVE;
				CLANG_WARN_UNREACHABLE_CODE = YES;
				CLANG_WARN__DUPLICATE_METHOD_MATCH = YES;
				COPY_PHASE_STRIP = NO;
				CURRENT_PROJECT_VERSION = 1;
				DEBUG_INFORMATION_FORMAT = "dwarf-with-dsym";
				ENABLE_NS_ASSERTIONS = NO;
				ENABLE_STRICT_OBJC_MSGSEND = YES;
				GCC_C_LANGUAGE_STANDARD = gnu11;
				GCC_NO_COMMON_BLOCKS = YES;
				GCC_WARN_64_TO_32_BIT_CONVERSION = YES;
				GCC_WARN_ABOUT_RETURN_TYPE = YES_ERROR;
				GCC_WARN_UNDECLARED_SELECTOR = YES;
				GCC_WARN_UNINITIALIZED_AUTOS = YES_AGGRESSIVE;
				GCC_WARN_UNUSED_FUNCTION = YES;
				GCC_WARN_UNUSED_VARIABLE = YES;
				MACOSX_DEPLOYMENT_TARGET = 14.0;
				MARKETING_VERSION = 2.2.0;
				MTL_ENABLE_DEBUG_INFO = NO;
				MTL_FAST_MATH = YES;
				PRODUCT_NAME = "$(TARGET_NAME)";
				SWIFT_COMPILATION_MODE = wholemodule;
				SWIFT_OPTIMIZATION_LEVEL = "-O";
				SWIFT_VERSION = 6.0;
			};
			name = Release;
		};
		840DF2155C0BAB2ABCAE5135 /* Debug */ = {
			isa = XCBuildConfiguration;
			buildSettings = {
				ALWAYS_SEARCH_USER_PATHS = NO;
				CLANG_ANALYZER_NONNULL = YES;
				CLANG_ANALYZER_NUMBER_OBJECT_CONVERSION = YES_AGGRESSIVE;
				CLANG_CXX_LANGUAGE_STANDARD = "gnu++14";
				CLANG_CXX_LIBRARY = "libc++";
				CLANG_ENABLE_MODULES = YES;
				CLANG_ENABLE_OBJC_ARC = YES;
				CLANG_ENABLE_OBJC_WEAK = YES;
				CLANG_WARN_BLOCK_CAPTURE_AUTORELEASING = YES;
				CLANG_WARN_BOOL_CONVERSION = YES;
				CLANG_WARN_COMMA = YES;
				CLANG_WARN_CONSTANT_CONVERSION = YES;
				CLANG_WARN_DEPRECATED_OBJC_IMPLEMENTATIONS = YES;
				CLANG_WARN_DIRECT_OBJC_ISA_USAGE = YES_ERROR;
				CLANG_WARN_DOCUMENTATION_COMMENTS = YES;
				CLANG_WARN_EMPTY_BODY = YES;
				CLANG_WARN_ENUM_CONVERSION = YES;
				CLANG_WARN_INFINITE_RECURSION = YES;
				CLANG_WARN_INT_CONVERSION = YES;
				CLANG_WARN_NON_LITERAL_NULL_CONVERSION = YES;
				CLANG_WARN_OBJC_IMPLICIT_RETAIN_SELF = YES;
				CLANG_WARN_OBJC_LITERAL_CONVERSION = YES;
				CLANG_WARN_OBJC_ROOT_CLASS = YES_ERROR;
				CLANG_WARN_QUOTED_INCLUDE_IN_FRAMEWORK_HEADER = YES;
				CLANG_WARN_RANGE_LOOP_ANALYSIS = YES;
				CLANG_WARN_STRICT_PROTOTYPES = YES;
				CLANG_WARN_SUSPICIOUS_MOVE = YES;
				CLANG_WARN_UNGUARDED_AVAILABILITY = YES_AGGRESSIVE;
				CLANG_WARN_UNREACHABLE_CODE = YES;
				CLANG_WARN__DUPLICATE_METHOD_MATCH = YES;
				COPY_PHASE_STRIP = NO;
				CURRENT_PROJECT_VERSION = 1;
				DEBUG_INFORMATION_FORMAT = dwarf;
				ENABLE_STRICT_OBJC_MSGSEND = YES;
				ENABLE_TESTABILITY = YES;
				GCC_C_LANGUAGE_STANDARD = gnu11;
				GCC_DYNAMIC_NO_PIC = NO;
				GCC_NO_COMMON_BLOCKS = YES;
				GCC_OPTIMIZATION_LEVEL = 0;
				GCC_PREPROCESSOR_DEFINITIONS = (
					"DEBUG=1",
					"$(inherited)",
				);
				GCC_WARN_64_TO_32_BIT_CONVERSION = YES;
				GCC_WARN_ABOUT_RETURN_TYPE = YES_ERROR;
				GCC_WARN_UNDECLARED_SELECTOR = YES;
				GCC_WARN_UNINITIALIZED_AUTOS = YES_AGGRESSIVE;
				GCC_WARN_UNUSED_FUNCTION = YES;
				GCC_WARN_UNUSED_VARIABLE = YES;
				MACOSX_DEPLOYMENT_TARGET = 14.0;
				MARKETING_VERSION = 2.2.0;
				MTL_ENABLE_DEBUG_INFO = INCLUDE_SOURCE;
				MTL_FAST_MATH = YES;
				ONLY_ACTIVE_ARCH = YES;
				PRODUCT_NAME = "$(TARGET_NAME)";
				SWIFT_ACTIVE_COMPILATION_CONDITIONS = DEBUG;
				SWIFT_OPTIMIZATION_LEVEL = "-Onone";
				SWIFT_VERSION = 6.0;
			};
			name = Debug;
		};
		FD986283CCA91E6AE65DC21A /* Release */ = {
			isa = XCBuildConfiguration;
			buildSettings = {
				ASSETCATALOG_COMPILER_APPICON_NAME = AppIcon;
				ASSETCATALOG_COMPILER_GENERATE_SWIFT_ASSET_SYMBOL_EXTENSIONS = NO;
				ASSETCATALOG_COMPILER_GLOBAL_ACCENT_COLOR_NAME = AccentColor;
				CODE_SIGN_STYLE = Automatic;
				COMBINE_HIDPI_IMAGES = YES;
				CURRENT_PROJECT_VERSION = 1;
				ENABLE_HARDENED_RUNTIME = NO;
				GENERATE_INFOPLIST_FILE = NO;
				INFOPLIST_FILE = Resources/Info.plist;
				LD_RUNPATH_SEARCH_PATHS = "$(inherited) @executable_path/../Frameworks";
				MACOSX_DEPLOYMENT_TARGET = 14.0;
				MARKETING_VERSION = 2.2.0;
				PRODUCT_BUNDLE_IDENTIFIER = com.voicetyper.app;
				PRODUCT_NAME = VoiceTyper;
				SDKROOT = macosx;
				SWIFT_EMIT_LOC_STRINGS = NO;
				SWIFT_OPTIMIZATION_LEVEL = "-O";
				SWIFT_VERSION = 6.0;
			};
			name = Release;
		};
/* End XCBuildConfiguration section */

/* Begin XCConfigurationList section */
		B2A2EE349FC75A1BBFCA69CD /* Build configuration list for PBXProject "VoiceTyper" */ = {
			isa = XCConfigurationList;
			buildConfigurations = (
				840DF2155C0BAB2ABCAE5135 /* Debug */,
				6F7CAF148841B9B4BB833A3F /* Release */,
			);
			defaultConfigurationIsVisible = 0;
			defaultConfigurationName = Release;
		};
		D3F0B2157F02C417EA8C875B /* Build configuration list for PBXNativeTarget "VoiceTyper" */ = {
			isa = XCConfigurationList;
			buildConfigurations = (
				FD986283CCA91E6AE65DC21A /* Release */,
				3228A81941D50F22EFDA0F4C /* Debug */,
			);
			defaultConfigurationIsVisible = 0;
			defaultConfigurationName = Release;
		};
/* End XCConfigurationList section */

/* Begin XCRemoteSwiftPackageReference section */
		3010EFDA3F9FD582D2EBFB0D /* XCRemoteSwiftPackageReference "Yams" */ = {
			isa = XCRemoteSwiftPackageReference;
			repositoryURL = "https://github.com/jpsim/Yams.git";
			requirement = {
				kind = upToNextMajorVersion;
				minimumVersion = 6.2.1;
			};
		};
/* End XCRemoteSwiftPackageReference section */

/* Begin XCSwiftPackageProductDependency section */
		BF4C7014CDCA9302AAC3C51C /* Yams */ = {
			isa = XCSwiftPackageProductDependency;
			package = 3010EFDA3F9FD582D2EBFB0D /* XCRemoteSwiftPackageReference "Yams" */;
			productName = Yams;
		};
/* End XCSwiftPackageProductDependency section */
	};
	rootObject = 0AC6C604167D0BF9CD10FF26 /* Project object */;
}
